// !$*UTF8*$!
{
	archiveVersion = 1;
	classes = {
	};
	objectVersion = 46;
	objects = {

/* Begin PBXBuildFile section */
		9798B203155311D10021DB02 /* UIKit.framework in Frameworks */ = {isa = PBXBuildFile; fileRef = 9798B202155311D10021DB02 /* UIKit.framework */; };
		9798B205155311D10021DB02 /* Foundation.framework in Frameworks */ = {isa = PBXBuildFile; fileRef = 9798B204155311D10021DB02 /* Foundation.framework */; };
		9798B207155311D10021DB02 /* CoreGraphics.framework in Frameworks */ = {isa = PBXBuildFile; fileRef = 9798B206155311D10021DB02 /* CoreGraphics.framework */; };
		9798B20D155311D10021DB02 /* InfoPlist.strings in Resources */ = {isa = PBXBuildFile; fileRef = 9798B20B155311D10021DB02 /* InfoPlist.strings */; };
		9798B20F155311D10021DB02 /* main.m in Sources */ = {isa = PBXBuildFile; fileRef = 9798B20E155311D10021DB02 /* main.m */; };
		9798B213155311D10021DB02 /* AppDelegate.m in Sources */ = {isa = PBXBuildFile; fileRef = 9798B212155311D10021DB02 /* AppDelegate.m */; };
		9798B216155311D10021DB02 /* ViewController.m in Sources */ = {isa = PBXBuildFile; fileRef = 9798B215155311D10021DB02 /* ViewController.m */; };
		9798B219155311D10021DB02 /* ViewController.xib in Resources */ = {isa = PBXBuildFile; fileRef = 9798B217155311D10021DB02 /* ViewController.xib */; };
/* End PBXBuildFile section */

/* Begin PBXFileReference section */
		9798B1FE155311D10021DB02 /* AGCO-Catalog_App.app */ = {isa = PBXFileReference; explicitFileType = wrapper.application; includeInIndex = 0; path = "AGCO-Catalog_App.app"; sourceTree = BUILT_PRODUCTS_DIR; };
		9798B202155311D10021DB02 /* UIKit.framework */ = {isa = PBXFileReference; lastKnownFileType = wrapper.framework; name = UIKit.framework; path = System/Library/Frameworks/UIKit.framework; sourceTree = SDKROOT; };
		9798B204155311D10021DB02 /* Foundation.framework */ = {isa = PBXFileReference; lastKnownFileType = wrapper.framework; name = Foundation.framework; path = System/Library/Frameworks/Foundation.framework; sourceTree = SDKROOT; };
		9798B206155311D10021DB02 /* CoreGraphics.framework */ = {isa = PBXFileReference; lastKnownFileType = wrapper.framework; name = CoreGraphics.framework; path = System/Library/Frameworks/CoreGraphics.framework; sourceTree = SDKROOT; };
		9798B20A155311D10021DB02 /* AGCO-Catalog_App-Info.plist */ = {isa = PBXFileReference; path = "AGCO-Catalog_App-Info.plist"; sourceTree = "<group>"; };
		9798B20C155311D10021DB02 /* en */ = {isa = PBXFileReference; lastKnownFileType = text.plist.strings; name = en; path = en.lproj/InfoPlist.strings; sourceTree = "<group>"; };
		9798B20E155311D10021DB02 /* main.m */ = {isa = PBXFileReference; lastKnownFileType = sourcecode.c.objc; path = main.m; sourceTree = "<group>"; };
		9798B210155311D10021DB02 /* AGCO-Catalog_App-Prefix.pch */ = {isa = PBXFileReference; path = "AGCO-Catalog_App-Prefix.pch"; sourceTree = "<group>"; };
		9798B211155311D10021DB02 /* AppDelegate.h */ = {isa = PBXFileReference; path = AppDelegate.h; sourceTree = "<group>"; };
		9798B212155311D10021DB02 /* AppDelegate.m */ = {isa = PBXFileReference; lastKnownFileType = sourcecode.c.objc; path = AppDelegate.m; sourceTree = "<group>"; };
		9798B214155311D10021DB02 /* ViewController.h */ = {isa = PBXFileReference; path = ViewController.h; sourceTree = "<group>"; };
		9798B215155311D10021DB02 /* ViewController.m */ = {isa = PBXFileReference; lastKnownFileType = sourcecode.c.objc; path = ViewController.m; sourceTree = "<group>"; };
		9798B218155311D10021DB02 /* en */ = {isa = PBXFileReference; lastKnownFileType = file.xib; name = en; path = en.lproj/ViewController.xib; sourceTree = "<group>"; };
/* End PBXFileReference section */

/* Begin PBXFrameworksBuildPhase section */
		9798B1FB155311D10021DB02 /* Frameworks */ = {
			isa = PBXFrameworksBuildPhase;
			buildActionMask = 2147483647;
			files = (
				9798B203155311D10021DB02 /* UIKit.framework in Frameworks */,
				9798B205155311D10021DB02 /* Foundation.framework in Frameworks */,
				9798B207155311D10021DB02 /* CoreGraphics.framework in Frameworks */,
			);
			runOnlyForDeploymentPostprocessing = 0;
		};
/* End PBXFrameworksBuildPhase section */

/* Begin PBXGroup section */
		9798B1F3155311D10021DB02 = {
			isa = PBXGroup;
			children = (
				9798B208155311D10021DB02 /* AGCO-Catalog_App */,
				9798B201155311D10021DB02 /* Frameworks */,
				9798B1FF155311D10021DB02 /* Products */,
			);
			sourceTree = "<group>";
		};
		9798B1FF155311D10021DB02 /* Products */ = {
			isa = PBXGroup;
			children = (
				9798B1FE155311D10021DB02 /* AGCO-Catalog_App.app */,
			);
			name = Products;
			sourceTree = "<group>";
		};
		9798B201155311D10021DB02 /* Frameworks */ = {
			isa = PBXGroup;
			children = (
				9798B202155311D10021DB02 /* UIKit.framework */,
				9798B204155311D10021DB02 /* Foundation.framework */,
				9798B206155311D10021DB02 /* CoreGraphics.framework */,
			);
			name = Frameworks;
			sourceTree = "<group>";
		};
		9798B208155311D10021DB02 /* AGCO-Catalog_App */ = {
			isa = PBXGroup;
			children = (
				9798B211155311D10021DB02 /* AppDelegate.h */,
				9798B212155311D10021DB02 /* AppDelegate.m */,
				9798B214155311D10021DB02 /* ViewController.h */,
				9798B215155311D10021DB02 /* ViewController.m */,
				9798B217155311D10021DB02 /* ViewController.xib */,
				9798B209155311D10021DB02 /* Supporting Files */,
			);
			path = "AGCO-Catalog_App";
			sourceTree = "<group>";
		};
		9798B209155311D10021DB02 /* Supporting Files */ = {
			isa = PBXGroup;
			children = (
				9798B20A155311D10021DB02 /* AGCO-Catalog_App-Info.plist */,
				9798B20B155311D10021DB02 /* InfoPlist.strings */,
				9798B20E155311D10021DB02 /* main.m */,
				9798B210155311D10021DB02 /* AGCO-Catalog_App-Prefix.pch */,
			);
			name = "Supporting Files";
			sourceTree = "<group>";
		};
/* End PBXGroup section */

/* Begin PBXNativeTarget section */
		9798B1FD155311D10021DB02 /* AGCO-Catalog_App */ = {
			isa = PBXNativeTarget;
			buildConfigurationList = 9798B21C155311D10021DB02 /* Build configuration list for PBXNativeTarget "AGCO-Catalog_App" */;
			buildPhases = (
				9798B1FA155311D10021DB02 /* Sources */,
				9798B1FB155311D10021DB02 /* Frameworks */,
				9798B1FC155311D10021DB02 /* Resources */,
			);
			buildRules = (
			);
			dependencies = (
			);
			name = "AGCO-Catalog_App";
			productName = "AGCO-Catalog_App";
			productReference = 9798B1FE155311D10021DB02 /* AGCO-Catalog_App.app */;
			productType = "com.apple.product-type.application";
		};
/* End PBXNativeTarget section */

/* Begin PBXProject section */
		9798B1F5155311D10021DB02 /* Project object */ = {
			isa = PBXProject;
			attributes = {
				LastUpgradeCheck = 0430;
			};
			buildConfigurationList = 9798B1F8155311D10021DB02 /* Build configuration list for PBXProject "AGCO-Catalog_App" */;
			compatibilityVersion = "Xcode 3.2";
			developmentRegion = English;
			hasScannedForEncodings = 0;
			knownRegions = (
				en,
			);
			mainGroup = 9798B1F3155311D10021DB02;
			productRefGroup = 9798B1FF155311D10021DB02 /* Products */;
			projectDirPath = "";
			projectRoot = "";
			targets = (
				9798B1FD155311D10021DB02 /* AGCO-Catalog_App */,
			);
		};
/* End PBXProject section */

/* Begin PBXResourcesBuildPhase section */
		9798B1FC155311D10021DB02 /* Resources */ = {
			isa = PBXResourcesBuildPhase;
			buildActionMask = 2147483647;
			files = (
				9798B20D155311D10021DB02 /* InfoPlist.strings in Resources */,
				9798B219155311D10021DB02 /* ViewController.xib in Resources */,
			);
			runOnlyForDeploymentPostprocessing = 0;
		};
/* End PBXResourcesBuildPhase section */

/* Begin PBXSourcesBuildPhase section */
		9798B1FA155311D10021DB02 /* Sources */ = {
			isa = PBXSourcesBuildPhase;
			buildActionMask = 2147483647;
			files = (
				9798B20F155311D10021DB02 /* main.m in Sources */,
				9798B213155311D10021DB02 /* AppDelegate.m in Sources */,
				9798B216155311D10021DB02 /* ViewController.m in Sources */,
			);
			runOnlyForDeploymentPostprocessing = 0;
		};
/* End PBXSourcesBuildPhase section */

/* Begin PBXVariantGroup section */
		9798B20B155311D10021DB02 /* InfoPlist.strings */ = {
			isa = PBXVariantGroup;
			children = (
				9798B20C155311D10021DB02 /* en */,
			);
			name = InfoPlist.strings;
			sourceTree = "<group>";
		};
		9798B217155311D10021DB02 /* ViewController.xib */ = {
			isa = PBXVariantGroup;
			children = (
				9798B218155311D10021DB02 /* en */,
			);
			name = ViewController.xib;
			sourceTree = "<group>";
		};
/* End PBXVariantGroup section */

/* Begin XCBuildConfiguration section */
		9798B21A155311D10021DB02 /* Debug */ = {
			isa = XCBuildConfiguration;
			buildSettings = {
				ALWAYS_SEARCH_USER_PATHS = NO;
				ARCHS = "$(ARCHS_STANDARD_32_BIT)";
				CLANG_ENABLE_OBJC_ARC = YES;
				"CODE_SIGN_IDENTITY[sdk=iphoneos*]" = "iPhone Developer";
				COPY_PHASE_STRIP = NO;
				GCC_C_LANGUAGE_STANDARD = gnu99;
				GCC_DYNAMIC_NO_PIC = NO;
				GCC_OPTIMIZATION_LEVEL = 0;
				GCC_PREPROCESSOR_DEFINITIONS = (
					"DEBUG=1",
					"$(inherited)",
				);
				GCC_SYMBOLS_PRIVATE_EXTERN = NO;
				GCC_VERSION = com.apple.compilers.llvm.clang.1_0;
				GCC_WARN_ABOUT_RETURN_TYPE = YES;
				GCC_WARN_UNINITIALIZED_AUTOS = YES;
				GCC_WARN_UNUSED_VARIABLE = YES;
				IPHONEOS_DEPLOYMENT_TARGET = 5.1;
				SDKROOT = iphoneos;
			};
			name = Debug;
		};
		9798B21B155311D10021DB02 /* Release */ = {
			isa = XCBuildConfiguration;
			buildSettings = {
				ALWAYS_SEARCH_USER_PATHS = NO;
				ARCHS = "$(ARCHS_STANDARD_32_BIT)";
				CLANG_ENABLE_OBJC_ARC = YES;
				"CODE_SIGN_IDENTITY[sdk=iphoneos*]" = "iPhone Developer";
				COPY_PHASE_STRIP = YES;
				GCC_C_LANGUAGE_STANDARD = gnu99;
				GCC_VERSION = com.apple.compilers.llvm.clang.1_0;
				GCC_WARN_ABOUT_RETURN_TYPE = YES;
				GCC_WARN_UNINITIALIZED_AUTOS = YES;
				GCC_WARN_UNUSED_VARIABLE = YES;
				IPHONEOS_DEPLOYMENT_TARGET = 5.1;
				OTHER_CFLAGS = "-DNS_BLOCK_ASSERTIONS=1";
				SDKROOT = iphoneos;
				VALIDATE_PRODUCT = YES;
			};
			name = Release;
		};
		9798B21D155311D10021DB02 /* Debug */ = {
			isa = XCBuildConfiguration;
			buildSettings = {
				GCC_PRECOMPILE_PREFIX_HEADER = YES;
				GCC_PREFIX_HEADER = "AGCO-Catalog_App/AGCO-Catalog_App-Prefix.pch";
				INFOPLIST_FILE = "AGCO-Catalog_App/AGCO-Catalog_App-Info.plist";
				PRODUCT_NAME = "$(TARGET_NAME)";
				WRAPPER_EXTENSION = app;
			};
			name = Debug;
		};
		9798B21E155311D10021DB02 /* Release */ = {
			isa = XCBuildConfiguration;
			buildSettings = {
				GCC_PRECOMPILE_PREFIX_HEADER = YES;
				GCC_PREFIX_HEADER = "AGCO-Catalog_App/AGCO-Catalog_App-Prefix.pch";
				INFOPLIST_FILE = "AGCO-Catalog_App/AGCO-Catalog_App-Info.plist";
				PRODUCT_NAME = "$(TARGET_NAME)";
				WRAPPER_EXTENSION = app;
			};
			name = Release;
		};
/* End XCBuildConfiguration section */

/* Begin XCConfigurationList section */
		9798B1F8155311D10021DB02 /* Build configuration list for PBXProject "AGCO-Catalog_App" */ = {
			isa = XCConfigurationList;
			buildConfigurations = (
				9798B21A155311D10021DB02 /* Debug */,
				9798B21B155311D10021DB02 /* Release */,
			);
			defaultConfigurationIsVisible = 0;
			defaultConfigurationName = Release;
		};
		9798B21C155311D10021DB02 /* Build configuration list for PBXNativeTarget "AGCO-Catalog_App" */ = {
			isa = XCConfigurationList;
			buildConfigurations = (
				9798B21D155311D10021DB02 /* Debug */,
				9798B21E155311D10021DB02 /* Release */,
			);
			defaultConfigurationIsVisible = 0;
		};
/* End XCConfigurationList section */
	};
	rootObject = 9798B1F5155311D10021DB02 /* Project object */;
}
