// !$*UTF8*$!
{
	archiveVersion = 1;
	classes = {
	};
	objectVersion = 46;
	objects = {

/* Begin PBXBuildFile section */
		97A20E8215921FDD00E148A5 /* UIKit.framework in Frameworks */ = {isa = PBXBuildFile; fileRef = 97A20E8115921FDD00E148A5 /* UIKit.framework */; };
		97A20E8415921FDD00E148A5 /* Foundation.framework in Frameworks */ = {isa = PBXBuildFile; fileRef = 97A20E8315921FDD00E148A5 /* Foundation.framework */; };
		97A20E8615921FDD00E148A5 /* CoreGraphics.framework in Frameworks */ = {isa = PBXBuildFile; fileRef = 97A20E8515921FDD00E148A5 /* CoreGraphics.framework */; };
		97A20E8C15921FDE00E148A5 /* InfoPlist.strings in Resources */ = {isa = PBXBuildFile; fileRef = 97A20E8A15921FDE00E148A5 /* InfoPlist.strings */; };
		97A20E8E15921FDE00E148A5 /* main.m in Sources */ = {isa = PBXBuildFile; fileRef = 97A20E8D15921FDE00E148A5 /* main.m */; };
		97A20E9215921FDE00E148A5 /* AppDelegate.m in Sources */ = {isa = PBXBuildFile; fileRef = 97A20E9115921FDE00E148A5 /* AppDelegate.m */; };
		97A20E9515921FDE00E148A5 /* MainStoryboard.storyboard in Resources */ = {isa = PBXBuildFile; fileRef = 97A20E9315921FDE00E148A5 /* MainStoryboard.storyboard */; };
		97A20E9A15921FDE00E148A5 /* first.png in Resources */ = {isa = PBXBuildFile; fileRef = 97A20E9915921FDE00E148A5 /* first.png */; };
		97A20E9C15921FDE00E148A5 /* first@2x.png in Resources */ = {isa = PBXBuildFile; fileRef = 97A20E9B15921FDE00E148A5 /* first@2x.png */; };
		97A20E9F15921FDE00E148A5 /* SecondViewController.m in Sources */ = {isa = PBXBuildFile; fileRef = 97A20E9E15921FDE00E148A5 /* SecondViewController.m */; };
		97A20EA115921FDE00E148A5 /* second.png in Resources */ = {isa = PBXBuildFile; fileRef = 97A20EA015921FDE00E148A5 /* second.png */; };
		97A20EA315921FDE00E148A5 /* second@2x.png in Resources */ = {isa = PBXBuildFile; fileRef = 97A20EA215921FDE00E148A5 /* second@2x.png */; };
		97A20EAB1592203300E148A5 /* FirstViewControllerViewController.m in Sources */ = {isa = PBXBuildFile; fileRef = 97A20EAA1592203300E148A5 /* FirstViewControllerViewController.m */; };
/* End PBXBuildFile section */

/* Begin PBXFileReference section */
		97A20E7D15921FDD00E148A5 /* MD1-Week4.app */ = {isa = PBXFileReference; explicitFileType = wrapper.application; includeInIndex = 0; path = "MD1-Week4.app"; sourceTree = BUILT_PRODUCTS_DIR; };
		97A20E8115921FDD00E148A5 /* UIKit.framework */ = {isa = PBXFileReference; lastKnownFileType = wrapper.framework; name = UIKit.framework; path = System/Library/Frameworks/UIKit.framework; sourceTree = SDKROOT; };
		97A20E8315921FDD00E148A5 /* Foundation.framework */ = {isa = PBXFileReference; lastKnownFileType = wrapper.framework; name = Foundation.framework; path = System/Library/Frameworks/Foundation.framework; sourceTree = SDKROOT; };
		97A20E8515921FDD00E148A5 /* CoreGraphics.framework */ = {isa = PBXFileReference; lastKnownFileType = wrapper.framework; name = CoreGraphics.framework; path = System/Library/Frameworks/CoreGraphics.framework; sourceTree = SDKROOT; };
		97A20E8915921FDE00E148A5 /* MD1-Week4-Info.plist */ = {isa = PBXFileReference; lastKnownFileType = text.plist.xml; path = "MD1-Week4-Info.plist"; sourceTree = "<group>"; };
		97A20E8B15921FDE00E148A5 /* en */ = {isa = PBXFileReference; lastKnownFileType = text.plist.strings; name = en; path = en.lproj/InfoPlist.strings; sourceTree = "<group>"; };
		97A20E8D15921FDE00E148A5 /* main.m */ = {isa = PBXFileReference; lastKnownFileType = sourcecode.c.objc; path = main.m; sourceTree = "<group>"; };
		97A20E8F15921FDE00E148A5 /* MD1-Week4-Prefix.pch */ = {isa = PBXFileReference; lastKnownFileType = sourcecode.c.h; path = "MD1-Week4-Prefix.pch"; sourceTree = "<group>"; };
		97A20E9015921FDE00E148A5 /* AppDelegate.h */ = {isa = PBXFileReference; lastKnownFileType = sourcecode.c.h; path = AppDelegate.h; sourceTree = "<group>"; };
		97A20E9115921FDE00E148A5 /* AppDelegate.m */ = {isa = PBXFileReference; lastKnownFileType = sourcecode.c.objc; path = AppDelegate.m; sourceTree = "<group>"; };
		97A20E9415921FDE00E148A5 /* en */ = {isa = PBXFileReference; lastKnownFileType = file.storyboard; name = en; path = en.lproj/MainStoryboard.storyboard; sourceTree = "<group>"; };
		97A20E9915921FDE00E148A5 /* first.png */ = {isa = PBXFileReference; lastKnownFileType = image.png; path = first.png; sourceTree = "<group>"; };
		97A20E9B15921FDE00E148A5 /* first@2x.png */ = {isa = PBXFileReference; lastKnownFileType = image.png; path = "first@2x.png"; sourceTree = "<group>"; };
		97A20E9D15921FDE00E148A5 /* SecondViewController.h */ = {isa = PBXFileReference; lastKnownFileType = sourcecode.c.h; path = SecondViewController.h; sourceTree = "<group>"; };
		97A20E9E15921FDE00E148A5 /* SecondViewController.m */ = {isa = PBXFileReference; lastKnownFileType = sourcecode.c.objc; path = SecondViewController.m; sourceTree = "<group>"; };
		97A20EA015921FDE00E148A5 /* second.png */ = {isa = PBXFileReference; lastKnownFileType = image.png; path = second.png; sourceTree = "<group>"; };
		97A20EA215921FDE00E148A5 /* second@2x.png */ = {isa = PBXFileReference; lastKnownFileType = image.png; path = "second@2x.png"; sourceTree = "<group>"; };
		97A20EA91592203300E148A5 /* FirstViewControllerViewController.h */ = {isa = PBXFileReference; fileEncoding = 4; lastKnownFileType = sourcecode.c.h; path = FirstViewControllerViewController.h; sourceTree = "<group>"; };
		97A20EAA1592203300E148A5 /* FirstViewControllerViewController.m */ = {isa = PBXFileReference; fileEncoding = 4; lastKnownFileType = sourcecode.c.objc; path = FirstViewControllerViewController.m; sourceTree = "<group>"; };
/* End PBXFileReference section */

/* Begin PBXFrameworksBuildPhase section */
		97A20E7A15921FDD00E148A5 /* Frameworks */ = {
			isa = PBXFrameworksBuildPhase;
			buildActionMask = 2147483647;
			files = (
				97A20E8215921FDD00E148A5 /* UIKit.framework in Frameworks */,
				97A20E8415921FDD00E148A5 /* Foundation.framework in Frameworks */,
				97A20E8615921FDD00E148A5 /* CoreGraphics.framework in Frameworks */,
			);
			runOnlyForDeploymentPostprocessing = 0;
		};
/* End PBXFrameworksBuildPhase section */

/* Begin PBXGroup section */
		97A20E7215921FDD00E148A5 = {
			isa = PBXGroup;
			children = (
				97A20E8715921FDD00E148A5 /* MD1-Week4 */,
				97A20E8015921FDD00E148A5 /* Frameworks */,
				97A20E7E15921FDD00E148A5 /* Products */,
			);
			sourceTree = "<group>";
		};
		97A20E7E15921FDD00E148A5 /* Products */ = {
			isa = PBXGroup;
			children = (
				97A20E7D15921FDD00E148A5 /* MD1-Week4.app */,
			);
			name = Products;
			sourceTree = "<group>";
		};
		97A20E8015921FDD00E148A5 /* Frameworks */ = {
			isa = PBXGroup;
			children = (
				97A20E8115921FDD00E148A5 /* UIKit.framework */,
				97A20E8315921FDD00E148A5 /* Foundation.framework */,
				97A20E8515921FDD00E148A5 /* CoreGraphics.framework */,
			);
			name = Frameworks;
			sourceTree = "<group>";
		};
		97A20E8715921FDD00E148A5 /* MD1-Week4 */ = {
			isa = PBXGroup;
			children = (
				97A20E9015921FDE00E148A5 /* AppDelegate.h */,
				97A20E9115921FDE00E148A5 /* AppDelegate.m */,
				97A20E9315921FDE00E148A5 /* MainStoryboard.storyboard */,
				97A20EA91592203300E148A5 /* FirstViewControllerViewController.h */,
				97A20EAA1592203300E148A5 /* FirstViewControllerViewController.m */,
				97A20E9915921FDE00E148A5 /* first.png */,
				97A20E9B15921FDE00E148A5 /* first@2x.png */,
				97A20E9D15921FDE00E148A5 /* SecondViewController.h */,
				97A20E9E15921FDE00E148A5 /* SecondViewController.m */,
				97A20EA015921FDE00E148A5 /* second.png */,
				97A20EA215921FDE00E148A5 /* second@2x.png */,
				97A20E8815921FDE00E148A5 /* Supporting Files */,
			);
			path = "MD1-Week4";
			sourceTree = "<group>";
		};
		97A20E8815921FDE00E148A5 /* Supporting Files */ = {
			isa = PBXGroup;
			children = (
				97A20E8915921FDE00E148A5 /* MD1-Week4-Info.plist */,
				97A20E8A15921FDE00E148A5 /* InfoPlist.strings */,
				97A20E8D15921FDE00E148A5 /* main.m */,
				97A20E8F15921FDE00E148A5 /* MD1-Week4-Prefix.pch */,
			);
			name = "Supporting Files";
			sourceTree = "<group>";
		};
/* End PBXGroup section */

/* Begin PBXNativeTarget section */
		97A20E7C15921FDD00E148A5 /* MD1-Week4 */ = {
			isa = PBXNativeTarget;
			buildConfigurationList = 97A20EA615921FDE00E148A5 /* Build configuration list for PBXNativeTarget "MD1-Week4" */;
			buildPhases = (
				97A20E7915921FDD00E148A5 /* Sources */,
				97A20E7A15921FDD00E148A5 /* Frameworks */,
				97A20E7B15921FDD00E148A5 /* Resources */,
			);
			buildRules = (
			);
			dependencies = (
			);
			name = "MD1-Week4";
			productName = "MD1-Week4";
			productReference = 97A20E7D15921FDD00E148A5 /* MD1-Week4.app */;
			productType = "com.apple.product-type.application";
		};
/* End PBXNativeTarget section */

/* Begin PBXProject section */
		97A20E7415921FDD00E148A5 /* Project object */ = {
			isa = PBXProject;
			attributes = {
				LastUpgradeCheck = 0430;
			};
			buildConfigurationList = 97A20E7715921FDD00E148A5 /* Build configuration list for PBXProject "MD1-Week4" */;
			compatibilityVersion = "Xcode 3.2";
			developmentRegion = English;
			hasScannedForEncodings = 0;
			knownRegions = (
				en,
			);
			mainGroup = 97A20E7215921FDD00E148A5;
			productRefGroup = 97A20E7E15921FDD00E148A5 /* Products */;
			projectDirPath = "";
			projectRoot = "";
			targets = (
				97A20E7C15921FDD00E148A5 /* MD1-Week4 */,
			);
		};
/* End PBXProject section */

/* Begin PBXResourcesBuildPhase section */
		97A20E7B15921FDD00E148A5 /* Resources */ = {
			isa = PBXResourcesBuildPhase;
			buildActionMask = 2147483647;
			files = (
				97A20E8C15921FDE00E148A5 /* InfoPlist.strings in Resources */,
				97A20E9515921FDE00E148A5 /* MainStoryboard.storyboard in Resources */,
				97A20E9A15921FDE00E148A5 /* first.png in Resources */,
				97A20E9C15921FDE00E148A5 /* first@2x.png in Resources */,
				97A20EA115921FDE00E148A5 /* second.png in Resources */,
				97A20EA315921FDE00E148A5 /* second@2x.png in Resources */,
			);
			runOnlyForDeploymentPostprocessing = 0;
		};
/* End PBXResourcesBuildPhase section */

/* Begin PBXSourcesBuildPhase section */
		97A20E7915921FDD00E148A5 /* Sources */ = {
			isa = PBXSourcesBuildPhase;
			buildActionMask = 2147483647;
			files = (
				97A20E8E15921FDE00E148A5 /* main.m in Sources */,
				97A20E9215921FDE00E148A5 /* AppDelegate.m in Sources */,
				97A20E9F15921FDE00E148A5 /* SecondViewController.m in Sources */,
				97A20EAB1592203300E148A5 /* FirstViewControllerViewController.m in Sources */,
			);
			runOnlyForDeploymentPostprocessing = 0;
		};
/* End PBXSourcesBuildPhase section */

/* Begin PBXVariantGroup section */
		97A20E8A15921FDE00E148A5 /* InfoPlist.strings */ = {
			isa = PBXVariantGroup;
			children = (
				97A20E8B15921FDE00E148A5 /* en */,
			);
			name = InfoPlist.strings;
			sourceTree = "<group>";
		};
		97A20E9315921FDE00E148A5 /* MainStoryboard.storyboard */ = {
			isa = PBXVariantGroup;
			children = (
				97A20E9415921FDE00E148A5 /* en */,
			);
			name = MainStoryboard.storyboard;
			sourceTree = "<group>";
		};
/* End PBXVariantGroup section */

/* Begin XCBuildConfiguration section */
		97A20EA415921FDE00E148A5 /* Debug */ = {
			isa = XCBuildConfiguration;
			buildSettings = {
				ALWAYS_SEARCH_USER_PATHS = NO;
				ARCHS = "$(ARCHS_STANDARD_32_BIT)";
				CLANG_ENABLE_OBJC_ARC = YES;
				"CODE_SIGN_IDENTITY[sdk=iphoneos*]" = "iPhone Developer";
				COPY_PHASE_STRIP = NO;
				GCC_C_LANGUAGE_STANDARD = gnu99;
				GCC_DYNAMIC_NO_PIC = NO;
				GCC_OPTIMIZATION_LEVEL = 0;
				GCC_PREPROCESSOR_DEFINITIONS = (
					"DEBUG=1",
					"$(inherited)",
				);
				GCC_SYMBOLS_PRIVATE_EXTERN = NO;
				GCC_VERSION = com.apple.compilers.llvm.clang.1_0;
				GCC_WARN_ABOUT_RETURN_TYPE = YES;
				GCC_WARN_UNINITIALIZED_AUTOS = YES;
				GCC_WARN_UNUSED_VARIABLE = YES;
				IPHONEOS_DEPLOYMENT_TARGET = 5.1;
				SDKROOT = iphoneos;
			};
			name = Debug;
		};
		97A20EA515921FDE00E148A5 /* Release */ = {
			isa = XCBuildConfiguration;
			buildSettings = {
				ALWAYS_SEARCH_USER_PATHS = NO;
				ARCHS = "$(ARCHS_STANDARD_32_BIT)";
				CLANG_ENABLE_OBJC_ARC = YES;
				"CODE_SIGN_IDENTITY[sdk=iphoneos*]" = "iPhone Developer";
				COPY_PHASE_STRIP = YES;
				GCC_C_LANGUAGE_STANDARD = gnu99;
				GCC_VERSION = com.apple.compilers.llvm.clang.1_0;
				GCC_WARN_ABOUT_RETURN_TYPE = YES;
				GCC_WARN_UNINITIALIZED_AUTOS = YES;
				GCC_WARN_UNUSED_VARIABLE = YES;
				IPHONEOS_DEPLOYMENT_TARGET = 5.1;
				OTHER_CFLAGS = "-DNS_BLOCK_ASSERTIONS=1";
				SDKROOT = iphoneos;
				VALIDATE_PRODUCT = YES;
			};
			name = Release;
		};
		97A20EA715921FDE00E148A5 /* Debug */ = {
			isa = XCBuildConfiguration;
			buildSettings = {
				GCC_PRECOMPILE_PREFIX_HEADER = YES;
				GCC_PREFIX_HEADER = "MD1-Week4/MD1-Week4-Prefix.pch";
				INFOPLIST_FILE = "MD1-Week4/MD1-Week4-Info.plist";
				PRODUCT_NAME = "$(TARGET_NAME)";
				WRAPPER_EXTENSION = app;
			};
			name = Debug;
		};
		97A20EA815921FDE00E148A5 /* Release */ = {
			isa = XCBuildConfiguration;
			buildSettings = {
				GCC_PRECOMPILE_PREFIX_HEADER = YES;
				GCC_PREFIX_HEADER = "MD1-Week4/MD1-Week4-Prefix.pch";
				INFOPLIST_FILE = "MD1-Week4/MD1-Week4-Info.plist";
				PRODUCT_NAME = "$(TARGET_NAME)";
				WRAPPER_EXTENSION = app;
			};
			name = Release;
		};
/* End XCBuildConfiguration section */

/* Begin XCConfigurationList section */
		97A20E7715921FDD00E148A5 /* Build configuration list for PBXProject "MD1-Week4" */ = {
			isa = XCConfigurationList;
			buildConfigurations = (
				97A20EA415921FDE00E148A5 /* Debug */,
				97A20EA515921FDE00E148A5 /* Release */,
			);
			defaultConfigurationIsVisible = 0;
			defaultConfigurationName = Release;
		};
		97A20EA615921FDE00E148A5 /* Build configuration list for PBXNativeTarget "MD1-Week4" */ = {
			isa = XCConfigurationList;
			buildConfigurations = (
				97A20EA715921FDE00E148A5 /* Debug */,
				97A20EA815921FDE00E148A5 /* Release */,
			);
			defaultConfigurationIsVisible = 0;
		};
/* End XCConfigurationList section */
	};
	rootObject = 97A20E7415921FDD00E148A5 /* Project object */;
}
