// !$*UTF8*$!
{
	archiveVersion = 1;
	classes = {
	};
	objectVersion = 46;
	objects = {

/* Begin PBXBuildFile section */
		970C0DDA15633D9000B9D4B2 /* UIKit.framework in Frameworks */ = {isa = PBXBuildFile; fileRef = 970C0DD915633D9000B9D4B2 /* UIKit.framework */; };
		970C0DDC15633D9000B9D4B2 /* Foundation.framework in Frameworks */ = {isa = PBXBuildFile; fileRef = 970C0DDB15633D9000B9D4B2 /* Foundation.framework */; };
		970C0DDE15633D9000B9D4B2 /* CoreGraphics.framework in Frameworks */ = {isa = PBXBuildFile; fileRef = 970C0DDD15633D9000B9D4B2 /* CoreGraphics.framework */; };
		970C0DE415633D9000B9D4B2 /* InfoPlist.strings in Resources */ = {isa = PBXBuildFile; fileRef = 970C0DE215633D9000B9D4B2 /* InfoPlist.strings */; };
		970C0DE615633D9000B9D4B2 /* main.m in Sources */ = {isa = PBXBuildFile; fileRef = 970C0DE515633D9000B9D4B2 /* main.m */; };
		970C0DEA15633D9000B9D4B2 /* AppDelegate.m in Sources */ = {isa = PBXBuildFile; fileRef = 970C0DE915633D9000B9D4B2 /* AppDelegate.m */; };
		970C0DED15633D9000B9D4B2 /* EventsViewController.m in Sources */ = {isa = PBXBuildFile; fileRef = 970C0DEC15633D9000B9D4B2 /* EventsViewController.m */; };
		970C0DF015633D9000B9D4B2 /* EventsViewController.xib in Resources */ = {isa = PBXBuildFile; fileRef = 970C0DEE15633D9000B9D4B2 /* EventsViewController.xib */; };
		970C0DF915633F9D00B9D4B2 /* AddEventViewController.m in Sources */ = {isa = PBXBuildFile; fileRef = 970C0DF715633F9D00B9D4B2 /* AddEventViewController.m */; };
		970C0DFA15633F9D00B9D4B2 /* AddEventViewController.xib in Resources */ = {isa = PBXBuildFile; fileRef = 970C0DF815633F9D00B9D4B2 /* AddEventViewController.xib */; };
/* End PBXBuildFile section */

/* Begin PBXFileReference section */
		970C0DD515633D9000B9D4B2 /* ObjC2-Week4.app */ = {isa = PBXFileReference; explicitFileType = wrapper.application; includeInIndex = 0; path = "ObjC2-Week4.app"; sourceTree = BUILT_PRODUCTS_DIR; };
		970C0DD915633D9000B9D4B2 /* UIKit.framework */ = {isa = PBXFileReference; lastKnownFileType = wrapper.framework; name = UIKit.framework; path = System/Library/Frameworks/UIKit.framework; sourceTree = SDKROOT; };
		970C0DDB15633D9000B9D4B2 /* Foundation.framework */ = {isa = PBXFileReference; lastKnownFileType = wrapper.framework; name = Foundation.framework; path = System/Library/Frameworks/Foundation.framework; sourceTree = SDKROOT; };
		970C0DDD15633D9000B9D4B2 /* CoreGraphics.framework */ = {isa = PBXFileReference; lastKnownFileType = wrapper.framework; name = CoreGraphics.framework; path = System/Library/Frameworks/CoreGraphics.framework; sourceTree = SDKROOT; };
		970C0DE115633D9000B9D4B2 /* ObjC2-Week4-Info.plist */ = {isa = PBXFileReference; path = "ObjC2-Week4-Info.plist"; sourceTree = "<group>"; };
		970C0DE315633D9000B9D4B2 /* en */ = {isa = PBXFileReference; lastKnownFileType = text.plist.strings; name = en; path = en.lproj/InfoPlist.strings; sourceTree = "<group>"; };
		970C0DE515633D9000B9D4B2 /* main.m */ = {isa = PBXFileReference; lastKnownFileType = sourcecode.c.objc; path = main.m; sourceTree = "<group>"; };
		970C0DE715633D9000B9D4B2 /* ObjC2-Week4-Prefix.pch */ = {isa = PBXFileReference; path = "ObjC2-Week4-Prefix.pch"; sourceTree = "<group>"; };
		970C0DE815633D9000B9D4B2 /* AppDelegate.h */ = {isa = PBXFileReference; lastKnownFileType = sourcecode.c.h; path = AppDelegate.h; sourceTree = "<group>"; };
		970C0DE915633D9000B9D4B2 /* AppDelegate.m */ = {isa = PBXFileReference; lastKnownFileType = sourcecode.c.objc; path = AppDelegate.m; sourceTree = "<group>"; };
		970C0DEB15633D9000B9D4B2 /* EventsViewController.h */ = {isa = PBXFileReference; lastKnownFileType = sourcecode.c.h; path = EventsViewController.h; sourceTree = "<group>"; };
		970C0DEC15633D9000B9D4B2 /* EventsViewController.m */ = {isa = PBXFileReference; lastKnownFileType = sourcecode.c.objc; path = EventsViewController.m; sourceTree = "<group>"; };
		970C0DEF15633D9000B9D4B2 /* en */ = {isa = PBXFileReference; lastKnownFileType = file.xib; name = en; path = en.lproj/EventsViewController.xib; sourceTree = "<group>"; };
		970C0DF615633F9D00B9D4B2 /* AddEventViewController.h */ = {isa = PBXFileReference; fileEncoding = 4; lastKnownFileType = sourcecode.c.h; path = AddEventViewController.h; sourceTree = "<group>"; };
		970C0DF715633F9D00B9D4B2 /* AddEventViewController.m */ = {isa = PBXFileReference; fileEncoding = 4; lastKnownFileType = sourcecode.c.objc; path = AddEventViewController.m; sourceTree = "<group>"; };
		970C0DF815633F9D00B9D4B2 /* AddEventViewController.xib */ = {isa = PBXFileReference; fileEncoding = 4; lastKnownFileType = file.xib; path = AddEventViewController.xib; sourceTree = "<group>"; };
/* End PBXFileReference section */

/* Begin PBXFrameworksBuildPhase section */
		970C0DD215633D9000B9D4B2 /* Frameworks */ = {
			isa = PBXFrameworksBuildPhase;
			buildActionMask = 2147483647;
			files = (
				970C0DDA15633D9000B9D4B2 /* UIKit.framework in Frameworks */,
				970C0DDC15633D9000B9D4B2 /* Foundation.framework in Frameworks */,
				970C0DDE15633D9000B9D4B2 /* CoreGraphics.framework in Frameworks */,
			);
			runOnlyForDeploymentPostprocessing = 0;
		};
/* End PBXFrameworksBuildPhase section */

/* Begin PBXGroup section */
		970C0DCA15633D9000B9D4B2 = {
			isa = PBXGroup;
			children = (
				970C0DDF15633D9000B9D4B2 /* ObjC2-Week4 */,
				970C0DD815633D9000B9D4B2 /* Frameworks */,
				970C0DD615633D9000B9D4B2 /* Products */,
			);
			sourceTree = "<group>";
		};
		970C0DD615633D9000B9D4B2 /* Products */ = {
			isa = PBXGroup;
			children = (
				970C0DD515633D9000B9D4B2 /* ObjC2-Week4.app */,
			);
			name = Products;
			sourceTree = "<group>";
		};
		970C0DD815633D9000B9D4B2 /* Frameworks */ = {
			isa = PBXGroup;
			children = (
				970C0DD915633D9000B9D4B2 /* UIKit.framework */,
				970C0DDB15633D9000B9D4B2 /* Foundation.framework */,
				970C0DDD15633D9000B9D4B2 /* CoreGraphics.framework */,
			);
			name = Frameworks;
			sourceTree = "<group>";
		};
		970C0DDF15633D9000B9D4B2 /* ObjC2-Week4 */ = {
			isa = PBXGroup;
			children = (
				970C0DE815633D9000B9D4B2 /* AppDelegate.h */,
				970C0DE915633D9000B9D4B2 /* AppDelegate.m */,
				970C0DEB15633D9000B9D4B2 /* EventsViewController.h */,
				970C0DEC15633D9000B9D4B2 /* EventsViewController.m */,
				970C0DEE15633D9000B9D4B2 /* EventsViewController.xib */,
				970C0DF615633F9D00B9D4B2 /* AddEventViewController.h */,
				970C0DF715633F9D00B9D4B2 /* AddEventViewController.m */,
				970C0DF815633F9D00B9D4B2 /* AddEventViewController.xib */,
				970C0DE015633D9000B9D4B2 /* Supporting Files */,
			);
			name = "ObjC2-Week4";
			path = "ObjC2-Week3";
			sourceTree = "<group>";
		};
		970C0DE015633D9000B9D4B2 /* Supporting Files */ = {
			isa = PBXGroup;
			children = (
				970C0DE115633D9000B9D4B2 /* ObjC2-Week4-Info.plist */,
				970C0DE215633D9000B9D4B2 /* InfoPlist.strings */,
				970C0DE515633D9000B9D4B2 /* main.m */,
				970C0DE715633D9000B9D4B2 /* ObjC2-Week4-Prefix.pch */,
			);
			name = "Supporting Files";
			sourceTree = "<group>";
		};
/* End PBXGroup section */

/* Begin PBXNativeTarget section */
		970C0DD415633D9000B9D4B2 /* ObjC2-Week4 */ = {
			isa = PBXNativeTarget;
			buildConfigurationList = 970C0DF315633D9000B9D4B2 /* Build configuration list for PBXNativeTarget "ObjC2-Week4" */;
			buildPhases = (
				970C0DD115633D9000B9D4B2 /* Sources */,
				970C0DD215633D9000B9D4B2 /* Frameworks */,
				970C0DD315633D9000B9D4B2 /* Resources */,
			);
			buildRules = (
			);
			dependencies = (
			);
			name = "ObjC2-Week4";
			productName = "ObjC2-Week3";
			productReference = 970C0DD515633D9000B9D4B2 /* ObjC2-Week4.app */;
			productType = "com.apple.product-type.application";
		};
/* End PBXNativeTarget section */

/* Begin PBXProject section */
		970C0DCC15633D9000B9D4B2 /* Project object */ = {
			isa = PBXProject;
			attributes = {
				LastUpgradeCheck = 0430;
			};
			buildConfigurationList = 970C0DCF15633D9000B9D4B2 /* Build configuration list for PBXProject "ObjC2-Week4" */;
			compatibilityVersion = "Xcode 3.2";
			developmentRegion = English;
			hasScannedForEncodings = 0;
			knownRegions = (
				en,
			);
			mainGroup = 970C0DCA15633D9000B9D4B2;
			productRefGroup = 970C0DD615633D9000B9D4B2 /* Products */;
			projectDirPath = "";
			projectRoot = "";
			targets = (
				970C0DD415633D9000B9D4B2 /* ObjC2-Week4 */,
			);
		};
/* End PBXProject section */

/* Begin PBXResourcesBuildPhase section */
		970C0DD315633D9000B9D4B2 /* Resources */ = {
			isa = PBXResourcesBuildPhase;
			buildActionMask = 2147483647;
			files = (
				970C0DE415633D9000B9D4B2 /* InfoPlist.strings in Resources */,
				970C0DF015633D9000B9D4B2 /* EventsViewController.xib in Resources */,
				970C0DFA15633F9D00B9D4B2 /* AddEventViewController.xib in Resources */,
			);
			runOnlyForDeploymentPostprocessing = 0;
		};
/* End PBXResourcesBuildPhase section */

/* Begin PBXSourcesBuildPhase section */
		970C0DD115633D9000B9D4B2 /* Sources */ = {
			isa = PBXSourcesBuildPhase;
			buildActionMask = 2147483647;
			files = (
				970C0DE615633D9000B9D4B2 /* main.m in Sources */,
				970C0DEA15633D9000B9D4B2 /* AppDelegate.m in Sources */,
				970C0DED15633D9000B9D4B2 /* EventsViewController.m in Sources */,
				970C0DF915633F9D00B9D4B2 /* AddEventViewController.m in Sources */,
			);
			runOnlyForDeploymentPostprocessing = 0;
		};
/* End PBXSourcesBuildPhase section */

/* Begin PBXVariantGroup section */
		970C0DE215633D9000B9D4B2 /* InfoPlist.strings */ = {
			isa = PBXVariantGroup;
			children = (
				970C0DE315633D9000B9D4B2 /* en */,
			);
			name = InfoPlist.strings;
			sourceTree = "<group>";
		};
		970C0DEE15633D9000B9D4B2 /* EventsViewController.xib */ = {
			isa = PBXVariantGroup;
			children = (
				970C0DEF15633D9000B9D4B2 /* en */,
			);
			name = EventsViewController.xib;
			sourceTree = "<group>";
		};
/* End PBXVariantGroup section */

/* Begin XCBuildConfiguration section */
		970C0DF115633D9000B9D4B2 /* Debug */ = {
			isa = XCBuildConfiguration;
			buildSettings = {
				ALWAYS_SEARCH_USER_PATHS = NO;
				ARCHS = "$(ARCHS_STANDARD_32_BIT)";
				CLANG_ENABLE_OBJC_ARC = YES;
				"CODE_SIGN_IDENTITY[sdk=iphoneos*]" = "iPhone Developer";
				COPY_PHASE_STRIP = NO;
				GCC_C_LANGUAGE_STANDARD = gnu99;
				GCC_DYNAMIC_NO_PIC = NO;
				GCC_OPTIMIZATION_LEVEL = 0;
				GCC_PREPROCESSOR_DEFINITIONS = (
					"DEBUG=1",
					"$(inherited)",
				);
				GCC_SYMBOLS_PRIVATE_EXTERN = NO;
				GCC_VERSION = com.apple.compilers.llvm.clang.1_0;
				GCC_WARN_ABOUT_RETURN_TYPE = YES;
				GCC_WARN_UNINITIALIZED_AUTOS = YES;
				GCC_WARN_UNUSED_VARIABLE = YES;
				IPHONEOS_DEPLOYMENT_TARGET = 5.1;
				SDKROOT = iphoneos;
			};
			name = Debug;
		};
		970C0DF215633D9000B9D4B2 /* Release */ = {
			isa = XCBuildConfiguration;
			buildSettings = {
				ALWAYS_SEARCH_USER_PATHS = NO;
				ARCHS = "$(ARCHS_STANDARD_32_BIT)";
				CLANG_ENABLE_OBJC_ARC = YES;
				"CODE_SIGN_IDENTITY[sdk=iphoneos*]" = "iPhone Developer";
				COPY_PHASE_STRIP = YES;
				GCC_C_LANGUAGE_STANDARD = gnu99;
				GCC_VERSION = com.apple.compilers.llvm.clang.1_0;
				GCC_WARN_ABOUT_RETURN_TYPE = YES;
				GCC_WARN_UNINITIALIZED_AUTOS = YES;
				GCC_WARN_UNUSED_VARIABLE = YES;
				IPHONEOS_DEPLOYMENT_TARGET = 5.1;
				OTHER_CFLAGS = "-DNS_BLOCK_ASSERTIONS=1";
				SDKROOT = iphoneos;
				VALIDATE_PRODUCT = YES;
			};
			name = Release;
		};
		970C0DF415633D9000B9D4B2 /* Debug */ = {
			isa = XCBuildConfiguration;
			buildSettings = {
				GCC_PRECOMPILE_PREFIX_HEADER = YES;
				GCC_PREFIX_HEADER = "ObjC2-Week3/ObjC2-Week4-Prefix.pch";
				INFOPLIST_FILE = "ObjC2-Week3/ObjC2-Week4-Info.plist";
				PRODUCT_NAME = "ObjC2-Week4";
				WRAPPER_EXTENSION = app;
			};
			name = Debug;
		};
		970C0DF515633D9000B9D4B2 /* Release */ = {
			isa = XCBuildConfiguration;
			buildSettings = {
				GCC_PRECOMPILE_PREFIX_HEADER = YES;
				GCC_PREFIX_HEADER = "ObjC2-Week3/ObjC2-Week4-Prefix.pch";
				INFOPLIST_FILE = "ObjC2-Week3/ObjC2-Week4-Info.plist";
				PRODUCT_NAME = "ObjC2-Week4";
				WRAPPER_EXTENSION = app;
			};
			name = Release;
		};
/* End XCBuildConfiguration section */

/* Begin XCConfigurationList section */
		970C0DCF15633D9000B9D4B2 /* Build configuration list for PBXProject "ObjC2-Week4" */ = {
			isa = XCConfigurationList;
			buildConfigurations = (
				970C0DF115633D9000B9D4B2 /* Debug */,
				970C0DF215633D9000B9D4B2 /* Release */,
			);
			defaultConfigurationIsVisible = 0;
			defaultConfigurationName = Release;
		};
		970C0DF315633D9000B9D4B2 /* Build configuration list for PBXNativeTarget "ObjC2-Week4" */ = {
			isa = XCConfigurationList;
			buildConfigurations = (
				970C0DF415633D9000B9D4B2 /* Debug */,
				970C0DF515633D9000B9D4B2 /* Release */,
			);
			defaultConfigurationIsVisible = 0;
			defaultConfigurationName = Release;
		};
/* End XCConfigurationList section */
	};
	rootObject = 970C0DCC15633D9000B9D4B2 /* Project object */;
}
