// !$*UTF8*$!
{
	archiveVersion = 1;
	classes = {
	};
	objectVersion = 46;
	objects = {

/* Begin PBXBuildFile section */
		9798B1BF154F44E10021DB02 /* UIKit.framework in Frameworks */ = {isa = PBXBuildFile; fileRef = 9798B1BE154F44E10021DB02 /* UIKit.framework */; };
		9798B1C1154F44E10021DB02 /* Foundation.framework in Frameworks */ = {isa = PBXBuildFile; fileRef = 9798B1C0154F44E10021DB02 /* Foundation.framework */; };
		9798B1C3154F44E10021DB02 /* CoreGraphics.framework in Frameworks */ = {isa = PBXBuildFile; fileRef = 9798B1C2154F44E10021DB02 /* CoreGraphics.framework */; };
		9798B1C9154F44E10021DB02 /* InfoPlist.strings in Resources */ = {isa = PBXBuildFile; fileRef = 9798B1C7154F44E10021DB02 /* InfoPlist.strings */; };
		9798B1CB154F44E10021DB02 /* main.m in Sources */ = {isa = PBXBuildFile; fileRef = 9798B1CA154F44E10021DB02 /* main.m */; };
		9798B1CF154F44E10021DB02 /* AppDelegate.m in Sources */ = {isa = PBXBuildFile; fileRef = 9798B1CE154F44E10021DB02 /* AppDelegate.m */; };
		9798B1D2154F44E10021DB02 /* ViewController.m in Sources */ = {isa = PBXBuildFile; fileRef = 9798B1D1154F44E10021DB02 /* ViewController.m */; };
		9798B1D5154F44E10021DB02 /* ViewController.xib in Resources */ = {isa = PBXBuildFile; fileRef = 9798B1D3154F44E10021DB02 /* ViewController.xib */; };
		9798B1E3155066480021DB02 /* ShapeClass.m in Sources */ = {isa = PBXBuildFile; fileRef = 9798B1E2155066480021DB02 /* ShapeClass.m */; };
		9798B1E9155066830021DB02 /* TriangleClass.m in Sources */ = {isa = PBXBuildFile; fileRef = 9798B1E8155066830021DB02 /* TriangleClass.m */; };
		9798B1EC155066960021DB02 /* SquareClass.m in Sources */ = {isa = PBXBuildFile; fileRef = 9798B1EB155066960021DB02 /* SquareClass.m */; };
		9798B1EF155066A90021DB02 /* RectangleClass.m in Sources */ = {isa = PBXBuildFile; fileRef = 9798B1EE155066A90021DB02 /* RectangleClass.m */; };
		9798B1F215506AFD0021DB02 /* ShapeFactory.m in Sources */ = {isa = PBXBuildFile; fileRef = 9798B1F115506AFD0021DB02 /* ShapeFactory.m */; };
/* End PBXBuildFile section */

/* Begin PBXFileReference section */
		9798B1BA154F44E10021DB02 /* ObjC-Week1.app */ = {isa = PBXFileReference; explicitFileType = wrapper.application; includeInIndex = 0; path = "ObjC-Week1.app"; sourceTree = BUILT_PRODUCTS_DIR; };
		9798B1BE154F44E10021DB02 /* UIKit.framework */ = {isa = PBXFileReference; lastKnownFileType = wrapper.framework; name = UIKit.framework; path = System/Library/Frameworks/UIKit.framework; sourceTree = SDKROOT; };
		9798B1C0154F44E10021DB02 /* Foundation.framework */ = {isa = PBXFileReference; lastKnownFileType = wrapper.framework; name = Foundation.framework; path = System/Library/Frameworks/Foundation.framework; sourceTree = SDKROOT; };
		9798B1C2154F44E10021DB02 /* CoreGraphics.framework */ = {isa = PBXFileReference; lastKnownFileType = wrapper.framework; name = CoreGraphics.framework; path = System/Library/Frameworks/CoreGraphics.framework; sourceTree = SDKROOT; };
		9798B1C6154F44E10021DB02 /* ObjC-Week1-Info.plist */ = {isa = PBXFileReference; lastKnownFileType = text.plist.xml; path = "ObjC-Week1-Info.plist"; sourceTree = "<group>"; };
		9798B1C8154F44E10021DB02 /* en */ = {isa = PBXFileReference; lastKnownFileType = text.plist.strings; name = en; path = en.lproj/InfoPlist.strings; sourceTree = "<group>"; };
		9798B1CA154F44E10021DB02 /* main.m */ = {isa = PBXFileReference; lastKnownFileType = sourcecode.c.objc; path = main.m; sourceTree = "<group>"; };
		9798B1CC154F44E10021DB02 /* ObjC-Week1-Prefix.pch */ = {isa = PBXFileReference; lastKnownFileType = sourcecode.c.h; path = "ObjC-Week1-Prefix.pch"; sourceTree = "<group>"; };
		9798B1CD154F44E10021DB02 /* AppDelegate.h */ = {isa = PBXFileReference; lastKnownFileType = sourcecode.c.h; path = AppDelegate.h; sourceTree = "<group>"; };
		9798B1CE154F44E10021DB02 /* AppDelegate.m */ = {isa = PBXFileReference; lastKnownFileType = sourcecode.c.objc; path = AppDelegate.m; sourceTree = "<group>"; };
		9798B1D0154F44E10021DB02 /* ViewController.h */ = {isa = PBXFileReference; lastKnownFileType = sourcecode.c.h; path = ViewController.h; sourceTree = "<group>"; };
		9798B1D1154F44E10021DB02 /* ViewController.m */ = {isa = PBXFileReference; lastKnownFileType = sourcecode.c.objc; path = ViewController.m; sourceTree = "<group>"; };
		9798B1D4154F44E10021DB02 /* en */ = {isa = PBXFileReference; lastKnownFileType = file.xib; name = en; path = en.lproj/ViewController.xib; sourceTree = "<group>"; };
		9798B1E1155066480021DB02 /* ShapeClass.h */ = {isa = PBXFileReference; fileEncoding = 4; lastKnownFileType = sourcecode.c.h; path = ShapeClass.h; sourceTree = "<group>"; };
		9798B1E2155066480021DB02 /* ShapeClass.m */ = {isa = PBXFileReference; fileEncoding = 4; lastKnownFileType = sourcecode.c.objc; path = ShapeClass.m; sourceTree = "<group>"; };
		9798B1E7155066830021DB02 /* TriangleClass.h */ = {isa = PBXFileReference; fileEncoding = 4; lastKnownFileType = sourcecode.c.h; path = TriangleClass.h; sourceTree = "<group>"; };
		9798B1E8155066830021DB02 /* TriangleClass.m */ = {isa = PBXFileReference; fileEncoding = 4; lastKnownFileType = sourcecode.c.objc; path = TriangleClass.m; sourceTree = "<group>"; };
		9798B1EA155066960021DB02 /* SquareClass.h */ = {isa = PBXFileReference; fileEncoding = 4; lastKnownFileType = sourcecode.c.h; path = SquareClass.h; sourceTree = "<group>"; };
		9798B1EB155066960021DB02 /* SquareClass.m */ = {isa = PBXFileReference; fileEncoding = 4; lastKnownFileType = sourcecode.c.objc; path = SquareClass.m; sourceTree = "<group>"; };
		9798B1ED155066A90021DB02 /* RectangleClass.h */ = {isa = PBXFileReference; fileEncoding = 4; lastKnownFileType = sourcecode.c.h; path = RectangleClass.h; sourceTree = "<group>"; };
		9798B1EE155066A90021DB02 /* RectangleClass.m */ = {isa = PBXFileReference; fileEncoding = 4; lastKnownFileType = sourcecode.c.objc; path = RectangleClass.m; sourceTree = "<group>"; };
		9798B1F015506AFD0021DB02 /* ShapeFactory.h */ = {isa = PBXFileReference; fileEncoding = 4; lastKnownFileType = sourcecode.c.h; path = ShapeFactory.h; sourceTree = "<group>"; };
		9798B1F115506AFD0021DB02 /* ShapeFactory.m */ = {isa = PBXFileReference; fileEncoding = 4; lastKnownFileType = sourcecode.c.objc; path = ShapeFactory.m; sourceTree = "<group>"; };
/* End PBXFileReference section */

/* Begin PBXFrameworksBuildPhase section */
		9798B1B7154F44E10021DB02 /* Frameworks */ = {
			isa = PBXFrameworksBuildPhase;
			buildActionMask = 2147483647;
			files = (
				9798B1BF154F44E10021DB02 /* UIKit.framework in Frameworks */,
				9798B1C1154F44E10021DB02 /* Foundation.framework in Frameworks */,
				9798B1C3154F44E10021DB02 /* CoreGraphics.framework in Frameworks */,
			);
			runOnlyForDeploymentPostprocessing = 0;
		};
/* End PBXFrameworksBuildPhase section */

/* Begin PBXGroup section */
		9798B1AF154F44E10021DB02 = {
			isa = PBXGroup;
			children = (
				9798B1C4154F44E10021DB02 /* ObjC-Week1 */,
				9798B1BD154F44E10021DB02 /* Frameworks */,
				9798B1BB154F44E10021DB02 /* Products */,
			);
			sourceTree = "<group>";
		};
		9798B1BB154F44E10021DB02 /* Products */ = {
			isa = PBXGroup;
			children = (
				9798B1BA154F44E10021DB02 /* ObjC-Week1.app */,
			);
			name = Products;
			sourceTree = "<group>";
		};
		9798B1BD154F44E10021DB02 /* Frameworks */ = {
			isa = PBXGroup;
			children = (
				9798B1BE154F44E10021DB02 /* UIKit.framework */,
				9798B1C0154F44E10021DB02 /* Foundation.framework */,
				9798B1C2154F44E10021DB02 /* CoreGraphics.framework */,
			);
			name = Frameworks;
			sourceTree = "<group>";
		};
		9798B1C4154F44E10021DB02 /* ObjC-Week1 */ = {
			isa = PBXGroup;
			children = (
				9798B1CD154F44E10021DB02 /* AppDelegate.h */,
				9798B1CE154F44E10021DB02 /* AppDelegate.m */,
				9798B1D0154F44E10021DB02 /* ViewController.h */,
				9798B1D1154F44E10021DB02 /* ViewController.m */,
				9798B1D3154F44E10021DB02 /* ViewController.xib */,
				9798B1E1155066480021DB02 /* ShapeClass.h */,
				9798B1E2155066480021DB02 /* ShapeClass.m */,
				9798B1E7155066830021DB02 /* TriangleClass.h */,
				9798B1E8155066830021DB02 /* TriangleClass.m */,
				9798B1EA155066960021DB02 /* SquareClass.h */,
				9798B1EB155066960021DB02 /* SquareClass.m */,
				9798B1ED155066A90021DB02 /* RectangleClass.h */,
				9798B1EE155066A90021DB02 /* RectangleClass.m */,
				9798B1F015506AFD0021DB02 /* ShapeFactory.h */,
				9798B1F115506AFD0021DB02 /* ShapeFactory.m */,
				9798B1C5154F44E10021DB02 /* Supporting Files */,
			);
			path = "ObjC-Week1";
			sourceTree = "<group>";
		};
		9798B1C5154F44E10021DB02 /* Supporting Files */ = {
			isa = PBXGroup;
			children = (
				9798B1C6154F44E10021DB02 /* ObjC-Week1-Info.plist */,
				9798B1C7154F44E10021DB02 /* InfoPlist.strings */,
				9798B1CA154F44E10021DB02 /* main.m */,
				9798B1CC154F44E10021DB02 /* ObjC-Week1-Prefix.pch */,
			);
			name = "Supporting Files";
			sourceTree = "<group>";
		};
/* End PBXGroup section */

/* Begin PBXNativeTarget section */
		9798B1B9154F44E10021DB02 /* ObjC-Week1 */ = {
			isa = PBXNativeTarget;
			buildConfigurationList = 9798B1D8154F44E10021DB02 /* Build configuration list for PBXNativeTarget "ObjC-Week1" */;
			buildPhases = (
				9798B1B6154F44E10021DB02 /* Sources */,
				9798B1B7154F44E10021DB02 /* Frameworks */,
				9798B1B8154F44E10021DB02 /* Resources */,
			);
			buildRules = (
			);
			dependencies = (
			);
			name = "ObjC-Week1";
			productName = "ObjC-Week1";
			productReference = 9798B1BA154F44E10021DB02 /* ObjC-Week1.app */;
			productType = "com.apple.product-type.application";
		};
/* End PBXNativeTarget section */

/* Begin PBXProject section */
		9798B1B1154F44E10021DB02 /* Project object */ = {
			isa = PBXProject;
			attributes = {
				LastUpgradeCheck = 0430;
			};
			buildConfigurationList = 9798B1B4154F44E10021DB02 /* Build configuration list for PBXProject "ObjC-Week1" */;
			compatibilityVersion = "Xcode 3.2";
			developmentRegion = English;
			hasScannedForEncodings = 0;
			knownRegions = (
				en,
			);
			mainGroup = 9798B1AF154F44E10021DB02;
			productRefGroup = 9798B1BB154F44E10021DB02 /* Products */;
			projectDirPath = "";
			projectRoot = "";
			targets = (
				9798B1B9154F44E10021DB02 /* ObjC-Week1 */,
			);
		};
/* End PBXProject section */

/* Begin PBXResourcesBuildPhase section */
		9798B1B8154F44E10021DB02 /* Resources */ = {
			isa = PBXResourcesBuildPhase;
			buildActionMask = 2147483647;
			files = (
				9798B1C9154F44E10021DB02 /* InfoPlist.strings in Resources */,
				9798B1D5154F44E10021DB02 /* ViewController.xib in Resources */,
			);
			runOnlyForDeploymentPostprocessing = 0;
		};
/* End PBXResourcesBuildPhase section */

/* Begin PBXSourcesBuildPhase section */
		9798B1B6154F44E10021DB02 /* Sources */ = {
			isa = PBXSourcesBuildPhase;
			buildActionMask = 2147483647;
			files = (
				9798B1CB154F44E10021DB02 /* main.m in Sources */,
				9798B1CF154F44E10021DB02 /* AppDelegate.m in Sources */,
				9798B1D2154F44E10021DB02 /* ViewController.m in Sources */,
				9798B1E3155066480021DB02 /* ShapeClass.m in Sources */,
				9798B1E9155066830021DB02 /* TriangleClass.m in Sources */,
				9798B1EC155066960021DB02 /* SquareClass.m in Sources */,
				9798B1EF155066A90021DB02 /* RectangleClass.m in Sources */,
				9798B1F215506AFD0021DB02 /* ShapeFactory.m in Sources */,
			);
			runOnlyForDeploymentPostprocessing = 0;
		};
/* End PBXSourcesBuildPhase section */

/* Begin PBXVariantGroup section */
		9798B1C7154F44E10021DB02 /* InfoPlist.strings */ = {
			isa = PBXVariantGroup;
			children = (
				9798B1C8154F44E10021DB02 /* en */,
			);
			name = InfoPlist.strings;
			sourceTree = "<group>";
		};
		9798B1D3154F44E10021DB02 /* ViewController.xib */ = {
			isa = PBXVariantGroup;
			children = (
				9798B1D4154F44E10021DB02 /* en */,
			);
			name = ViewController.xib;
			sourceTree = "<group>";
		};
/* End PBXVariantGroup section */

/* Begin XCBuildConfiguration section */
		9798B1D6154F44E10021DB02 /* Debug */ = {
			isa = XCBuildConfiguration;
			buildSettings = {
				ALWAYS_SEARCH_USER_PATHS = NO;
				ARCHS = "$(ARCHS_STANDARD_32_BIT)";
				CLANG_ENABLE_OBJC_ARC = YES;
				"CODE_SIGN_IDENTITY[sdk=iphoneos*]" = "iPhone Developer";
				COPY_PHASE_STRIP = NO;
				GCC_C_LANGUAGE_STANDARD = gnu99;
				GCC_DYNAMIC_NO_PIC = NO;
				GCC_OPTIMIZATION_LEVEL = 0;
				GCC_PREPROCESSOR_DEFINITIONS = (
					"DEBUG=1",
					"$(inherited)",
				);
				GCC_SYMBOLS_PRIVATE_EXTERN = NO;
				GCC_VERSION = com.apple.compilers.llvm.clang.1_0;
				GCC_WARN_ABOUT_RETURN_TYPE = YES;
				GCC_WARN_UNINITIALIZED_AUTOS = YES;
				GCC_WARN_UNUSED_VARIABLE = YES;
				IPHONEOS_DEPLOYMENT_TARGET = 5.1;
				SDKROOT = iphoneos;
			};
			name = Debug;
		};
		9798B1D7154F44E10021DB02 /* Release */ = {
			isa = XCBuildConfiguration;
			buildSettings = {
				ALWAYS_SEARCH_USER_PATHS = NO;
				ARCHS = "$(ARCHS_STANDARD_32_BIT)";
				CLANG_ENABLE_OBJC_ARC = YES;
				"CODE_SIGN_IDENTITY[sdk=iphoneos*]" = "iPhone Developer";
				COPY_PHASE_STRIP = YES;
				GCC_C_LANGUAGE_STANDARD = gnu99;
				GCC_VERSION = com.apple.compilers.llvm.clang.1_0;
				GCC_WARN_ABOUT_RETURN_TYPE = YES;
				GCC_WARN_UNINITIALIZED_AUTOS = YES;
				GCC_WARN_UNUSED_VARIABLE = YES;
				IPHONEOS_DEPLOYMENT_TARGET = 5.1;
				OTHER_CFLAGS = "-DNS_BLOCK_ASSERTIONS=1";
				SDKROOT = iphoneos;
				VALIDATE_PRODUCT = YES;
			};
			name = Release;
		};
		9798B1D9154F44E10021DB02 /* Debug */ = {
			isa = XCBuildConfiguration;
			buildSettings = {
				GCC_PRECOMPILE_PREFIX_HEADER = YES;
				GCC_PREFIX_HEADER = "ObjC-Week1/ObjC-Week1-Prefix.pch";
				INFOPLIST_FILE = "ObjC-Week1/ObjC-Week1-Info.plist";
				PRODUCT_NAME = "$(TARGET_NAME)";
				WRAPPER_EXTENSION = app;
			};
			name = Debug;
		};
		9798B1DA154F44E10021DB02 /* Release */ = {
			isa = XCBuildConfiguration;
			buildSettings = {
				GCC_PRECOMPILE_PREFIX_HEADER = YES;
				GCC_PREFIX_HEADER = "ObjC-Week1/ObjC-Week1-Prefix.pch";
				INFOPLIST_FILE = "ObjC-Week1/ObjC-Week1-Info.plist";
				PRODUCT_NAME = "$(TARGET_NAME)";
				WRAPPER_EXTENSION = app;
			};
			name = Release;
		};
/* End XCBuildConfiguration section */

/* Begin XCConfigurationList section */
		9798B1B4154F44E10021DB02 /* Build configuration list for PBXProject "ObjC-Week1" */ = {
			isa = XCConfigurationList;
			buildConfigurations = (
				9798B1D6154F44E10021DB02 /* Debug */,
				9798B1D7154F44E10021DB02 /* Release */,
			);
			defaultConfigurationIsVisible = 0;
			defaultConfigurationName = Release;
		};
		9798B1D8154F44E10021DB02 /* Build configuration list for PBXNativeTarget "ObjC-Week1" */ = {
			isa = XCConfigurationList;
			buildConfigurations = (
				9798B1D9154F44E10021DB02 /* Debug */,
				9798B1DA154F44E10021DB02 /* Release */,
			);
			defaultConfigurationIsVisible = 0;
		};
/* End XCConfigurationList section */
	};
	rootObject = 9798B1B1154F44E10021DB02 /* Project object */;
}
