// !$*UTF8*$!
{
	archiveVersion = 1;
	classes = {
	};
	objectVersion = 46;
	objects = {

/* Begin PBXBuildFile section */
		970BE995152116C40061C583 /* UIKit.framework in Frameworks */ = {isa = PBXBuildFile; fileRef = 970BE994152116C40061C583 /* UIKit.framework */; };
		970BE997152116C40061C583 /* Foundation.framework in Frameworks */ = {isa = PBXBuildFile; fileRef = 970BE996152116C40061C583 /* Foundation.framework */; };
		970BE999152116C40061C583 /* CoreGraphics.framework in Frameworks */ = {isa = PBXBuildFile; fileRef = 970BE998152116C40061C583 /* CoreGraphics.framework */; };
		970BE99F152116C40061C583 /* InfoPlist.strings in Resources */ = {isa = PBXBuildFile; fileRef = 970BE99D152116C40061C583 /* InfoPlist.strings */; };
		970BE9A1152116C40061C583 /* main.m in Sources */ = {isa = PBXBuildFile; fileRef = 970BE9A0152116C40061C583 /* main.m */; };
		970BE9A5152116C40061C583 /* AppDelegate.m in Sources */ = {isa = PBXBuildFile; fileRef = 970BE9A4152116C40061C583 /* AppDelegate.m */; };
		970BE9AD152116C40061C583 /* SenTestingKit.framework in Frameworks */ = {isa = PBXBuildFile; fileRef = 970BE9AC152116C40061C583 /* SenTestingKit.framework */; };
		970BE9AE152116C40061C583 /* UIKit.framework in Frameworks */ = {isa = PBXBuildFile; fileRef = 970BE994152116C40061C583 /* UIKit.framework */; };
		970BE9AF152116C40061C583 /* Foundation.framework in Frameworks */ = {isa = PBXBuildFile; fileRef = 970BE996152116C40061C583 /* Foundation.framework */; };
		970BE9B7152116C40061C583 /* InfoPlist.strings in Resources */ = {isa = PBXBuildFile; fileRef = 970BE9B5152116C40061C583 /* InfoPlist.strings */; };
		970BE9BA152116C40061C583 /* ObjectiveC1_Week1Tests.m in Sources */ = {isa = PBXBuildFile; fileRef = 970BE9B9152116C40061C583 /* ObjectiveC1_Week1Tests.m */; };
/* End PBXBuildFile section */

/* Begin PBXContainerItemProxy section */
		970BE9B0152116C40061C583 /* PBXContainerItemProxy */ = {
			isa = PBXContainerItemProxy;
			containerPortal = 970BE987152116C40061C583 /* Project object */;
			proxyType = 1;
			remoteGlobalIDString = 970BE98F152116C40061C583;
			remoteInfo = "ObjectiveC1-Week1";
		};
/* End PBXContainerItemProxy section */

/* Begin PBXFileReference section */
		970BE990152116C40061C583 /* ObjectiveC1-Week1.app */ = {isa = PBXFileReference; explicitFileType = wrapper.application; includeInIndex = 0; path = "ObjectiveC1-Week1.app"; sourceTree = BUILT_PRODUCTS_DIR; };
		970BE994152116C40061C583 /* UIKit.framework */ = {isa = PBXFileReference; lastKnownFileType = wrapper.framework; name = UIKit.framework; path = System/Library/Frameworks/UIKit.framework; sourceTree = SDKROOT; };
		970BE996152116C40061C583 /* Foundation.framework */ = {isa = PBXFileReference; lastKnownFileType = wrapper.framework; name = Foundation.framework; path = System/Library/Frameworks/Foundation.framework; sourceTree = SDKROOT; };
		970BE998152116C40061C583 /* CoreGraphics.framework */ = {isa = PBXFileReference; lastKnownFileType = wrapper.framework; name = CoreGraphics.framework; path = System/Library/Frameworks/CoreGraphics.framework; sourceTree = SDKROOT; };
		970BE99C152116C40061C583 /* ObjectiveC1-Week1-Info.plist */ = {isa = PBXFileReference; lastKnownFileType = text.plist.xml; path = "ObjectiveC1-Week1-Info.plist"; sourceTree = "<group>"; };
		970BE99E152116C40061C583 /* en */ = {isa = PBXFileReference; lastKnownFileType = text.plist.strings; name = en; path = en.lproj/InfoPlist.strings; sourceTree = "<group>"; };
		970BE9A0152116C40061C583 /* main.m */ = {isa = PBXFileReference; lastKnownFileType = sourcecode.c.objc; path = main.m; sourceTree = "<group>"; };
		970BE9A2152116C40061C583 /* ObjectiveC1-Week1-Prefix.pch */ = {isa = PBXFileReference; lastKnownFileType = sourcecode.c.h; path = "ObjectiveC1-Week1-Prefix.pch"; sourceTree = "<group>"; };
		970BE9A3152116C40061C583 /* AppDelegate.h */ = {isa = PBXFileReference; lastKnownFileType = sourcecode.c.h; path = AppDelegate.h; sourceTree = "<group>"; };
		970BE9A4152116C40061C583 /* AppDelegate.m */ = {isa = PBXFileReference; lastKnownFileType = sourcecode.c.objc; path = AppDelegate.m; sourceTree = "<group>"; };
		970BE9AB152116C40061C583 /* ObjectiveC1-Week1Tests.octest */ = {isa = PBXFileReference; explicitFileType = wrapper.cfbundle; includeInIndex = 0; path = "ObjectiveC1-Week1Tests.octest"; sourceTree = BUILT_PRODUCTS_DIR; };
		970BE9AC152116C40061C583 /* SenTestingKit.framework */ = {isa = PBXFileReference; lastKnownFileType = wrapper.framework; name = SenTestingKit.framework; path = Library/Frameworks/SenTestingKit.framework; sourceTree = DEVELOPER_DIR; };
		970BE9B4152116C40061C583 /* ObjectiveC1-Week1Tests-Info.plist */ = {isa = PBXFileReference; lastKnownFileType = text.plist.xml; path = "ObjectiveC1-Week1Tests-Info.plist"; sourceTree = "<group>"; };
		970BE9B6152116C40061C583 /* en */ = {isa = PBXFileReference; lastKnownFileType = text.plist.strings; name = en; path = en.lproj/InfoPlist.strings; sourceTree = "<group>"; };
		970BE9B8152116C40061C583 /* ObjectiveC1_Week1Tests.h */ = {isa = PBXFileReference; lastKnownFileType = sourcecode.c.h; path = ObjectiveC1_Week1Tests.h; sourceTree = "<group>"; };
		970BE9B9152116C40061C583 /* ObjectiveC1_Week1Tests.m */ = {isa = PBXFileReference; lastKnownFileType = sourcecode.c.objc; path = ObjectiveC1_Week1Tests.m; sourceTree = "<group>"; };
/* End PBXFileReference section */

/* Begin PBXFrameworksBuildPhase section */
		970BE98D152116C40061C583 /* Frameworks */ = {
			isa = PBXFrameworksBuildPhase;
			buildActionMask = 2147483647;
			files = (
				970BE995152116C40061C583 /* UIKit.framework in Frameworks */,
				970BE997152116C40061C583 /* Foundation.framework in Frameworks */,
				970BE999152116C40061C583 /* CoreGraphics.framework in Frameworks */,
			);
			runOnlyForDeploymentPostprocessing = 0;
		};
		970BE9A7152116C40061C583 /* Frameworks */ = {
			isa = PBXFrameworksBuildPhase;
			buildActionMask = 2147483647;
			files = (
				970BE9AD152116C40061C583 /* SenTestingKit.framework in Frameworks */,
				970BE9AE152116C40061C583 /* UIKit.framework in Frameworks */,
				970BE9AF152116C40061C583 /* Foundation.framework in Frameworks */,
			);
			runOnlyForDeploymentPostprocessing = 0;
		};
/* End PBXFrameworksBuildPhase section */

/* Begin PBXGroup section */
		970BE985152116C40061C583 = {
			isa = PBXGroup;
			children = (
				970BE99A152116C40061C583 /* ObjectiveC1-Week1 */,
				970BE9B2152116C40061C583 /* ObjectiveC1-Week1Tests */,
				970BE993152116C40061C583 /* Frameworks */,
				970BE991152116C40061C583 /* Products */,
			);
			sourceTree = "<group>";
		};
		970BE991152116C40061C583 /* Products */ = {
			isa = PBXGroup;
			children = (
				970BE990152116C40061C583 /* ObjectiveC1-Week1.app */,
				970BE9AB152116C40061C583 /* ObjectiveC1-Week1Tests.octest */,
			);
			name = Products;
			sourceTree = "<group>";
		};
		970BE993152116C40061C583 /* Frameworks */ = {
			isa = PBXGroup;
			children = (
				970BE994152116C40061C583 /* UIKit.framework */,
				970BE996152116C40061C583 /* Foundation.framework */,
				970BE998152116C40061C583 /* CoreGraphics.framework */,
				970BE9AC152116C40061C583 /* SenTestingKit.framework */,
			);
			name = Frameworks;
			sourceTree = "<group>";
		};
		970BE99A152116C40061C583 /* ObjectiveC1-Week1 */ = {
			isa = PBXGroup;
			children = (
				970BE9A3152116C40061C583 /* AppDelegate.h */,
				970BE9A4152116C40061C583 /* AppDelegate.m */,
				970BE99B152116C40061C583 /* Supporting Files */,
			);
			path = "ObjectiveC1-Week1";
			sourceTree = "<group>";
		};
		970BE99B152116C40061C583 /* Supporting Files */ = {
			isa = PBXGroup;
			children = (
				970BE99C152116C40061C583 /* ObjectiveC1-Week1-Info.plist */,
				970BE99D152116C40061C583 /* InfoPlist.strings */,
				970BE9A0152116C40061C583 /* main.m */,
				970BE9A2152116C40061C583 /* ObjectiveC1-Week1-Prefix.pch */,
			);
			name = "Supporting Files";
			sourceTree = "<group>";
		};
		970BE9B2152116C40061C583 /* ObjectiveC1-Week1Tests */ = {
			isa = PBXGroup;
			children = (
				970BE9B8152116C40061C583 /* ObjectiveC1_Week1Tests.h */,
				970BE9B9152116C40061C583 /* ObjectiveC1_Week1Tests.m */,
				970BE9B3152116C40061C583 /* Supporting Files */,
			);
			path = "ObjectiveC1-Week1Tests";
			sourceTree = "<group>";
		};
		970BE9B3152116C40061C583 /* Supporting Files */ = {
			isa = PBXGroup;
			children = (
				970BE9B4152116C40061C583 /* ObjectiveC1-Week1Tests-Info.plist */,
				970BE9B5152116C40061C583 /* InfoPlist.strings */,
			);
			name = "Supporting Files";
			sourceTree = "<group>";
		};
/* End PBXGroup section */

/* Begin PBXNativeTarget section */
		970BE98F152116C40061C583 /* ObjectiveC1-Week1 */ = {
			isa = PBXNativeTarget;
			buildConfigurationList = 970BE9BD152116C40061C583 /* Build configuration list for PBXNativeTarget "ObjectiveC1-Week1" */;
			buildPhases = (
				970BE98C152116C40061C583 /* Sources */,
				970BE98D152116C40061C583 /* Frameworks */,
				970BE98E152116C40061C583 /* Resources */,
			);
			buildRules = (
			);
			dependencies = (
			);
			name = "ObjectiveC1-Week1";
			productName = "ObjectiveC1-Week1";
			productReference = 970BE990152116C40061C583 /* ObjectiveC1-Week1.app */;
			productType = "com.apple.product-type.application";
		};
		970BE9AA152116C40061C583 /* ObjectiveC1-Week1Tests */ = {
			isa = PBXNativeTarget;
			buildConfigurationList = 970BE9C0152116C40061C583 /* Build configuration list for PBXNativeTarget "ObjectiveC1-Week1Tests" */;
			buildPhases = (
				970BE9A6152116C40061C583 /* Sources */,
				970BE9A7152116C40061C583 /* Frameworks */,
				970BE9A8152116C40061C583 /* Resources */,
				970BE9A9152116C40061C583 /* ShellScript */,
			);
			buildRules = (
			);
			dependencies = (
				970BE9B1152116C40061C583 /* PBXTargetDependency */,
			);
			name = "ObjectiveC1-Week1Tests";
			productName = "ObjectiveC1-Week1Tests";
			productReference = 970BE9AB152116C40061C583 /* ObjectiveC1-Week1Tests.octest */;
			productType = "com.apple.product-type.bundle";
		};
/* End PBXNativeTarget section */

/* Begin PBXProject section */
		970BE987152116C40061C583 /* Project object */ = {
			isa = PBXProject;
			attributes = {
				LastUpgradeCheck = 0430;
			};
			buildConfigurationList = 970BE98A152116C40061C583 /* Build configuration list for PBXProject "ObjectiveC1-Week1" */;
			compatibilityVersion = "Xcode 3.2";
			developmentRegion = English;
			hasScannedForEncodings = 0;
			knownRegions = (
				en,
			);
			mainGroup = 970BE985152116C40061C583;
			productRefGroup = 970BE991152116C40061C583 /* Products */;
			projectDirPath = "";
			projectRoot = "";
			targets = (
				970BE98F152116C40061C583 /* ObjectiveC1-Week1 */,
				970BE9AA152116C40061C583 /* ObjectiveC1-Week1Tests */,
			);
		};
/* End PBXProject section */

/* Begin PBXResourcesBuildPhase section */
		970BE98E152116C40061C583 /* Resources */ = {
			isa = PBXResourcesBuildPhase;
			buildActionMask = 2147483647;
			files = (
				970BE99F152116C40061C583 /* InfoPlist.strings in Resources */,
			);
			runOnlyForDeploymentPostprocessing = 0;
		};
		970BE9A8152116C40061C583 /* Resources */ = {
			isa = PBXResourcesBuildPhase;
			buildActionMask = 2147483647;
			files = (
				970BE9B7152116C40061C583 /* InfoPlist.strings in Resources */,
			);
			runOnlyForDeploymentPostprocessing = 0;
		};
/* End PBXResourcesBuildPhase section */

/* Begin PBXShellScriptBuildPhase section */
		970BE9A9152116C40061C583 /* ShellScript */ = {
			isa = PBXShellScriptBuildPhase;
			buildActionMask = 2147483647;
			files = (
			);
			inputPaths = (
			);
			outputPaths = (
			);
			runOnlyForDeploymentPostprocessing = 0;
			shellPath = /bin/sh;
			shellScript = "# Run the unit tests in this test bundle.\n\"${SYSTEM_DEVELOPER_DIR}/Tools/RunUnitTests\"\n";
		};
/* End PBXShellScriptBuildPhase section */

/* Begin PBXSourcesBuildPhase section */
		970BE98C152116C40061C583 /* Sources */ = {
			isa = PBXSourcesBuildPhase;
			buildActionMask = 2147483647;
			files = (
				970BE9A1152116C40061C583 /* main.m in Sources */,
				970BE9A5152116C40061C583 /* AppDelegate.m in Sources */,
			);
			runOnlyForDeploymentPostprocessing = 0;
		};
		970BE9A6152116C40061C583 /* Sources */ = {
			isa = PBXSourcesBuildPhase;
			buildActionMask = 2147483647;
			files = (
				970BE9BA152116C40061C583 /* ObjectiveC1_Week1Tests.m in Sources */,
			);
			runOnlyForDeploymentPostprocessing = 0;
		};
/* End PBXSourcesBuildPhase section */

/* Begin PBXTargetDependency section */
		970BE9B1152116C40061C583 /* PBXTargetDependency */ = {
			isa = PBXTargetDependency;
			target = 970BE98F152116C40061C583 /* ObjectiveC1-Week1 */;
			targetProxy = 970BE9B0152116C40061C583 /* PBXContainerItemProxy */;
		};
/* End PBXTargetDependency section */

/* Begin PBXVariantGroup section */
		970BE99D152116C40061C583 /* InfoPlist.strings */ = {
			isa = PBXVariantGroup;
			children = (
				970BE99E152116C40061C583 /* en */,
			);
			name = InfoPlist.strings;
			sourceTree = "<group>";
		};
		970BE9B5152116C40061C583 /* InfoPlist.strings */ = {
			isa = PBXVariantGroup;
			children = (
				970BE9B6152116C40061C583 /* en */,
			);
			name = InfoPlist.strings;
			sourceTree = "<group>";
		};
/* End PBXVariantGroup section */

/* Begin XCBuildConfiguration section */
		970BE9BB152116C40061C583 /* Debug */ = {
			isa = XCBuildConfiguration;
			buildSettings = {
				ALWAYS_SEARCH_USER_PATHS = NO;
				ARCHS = "$(ARCHS_STANDARD_32_BIT)";
				CLANG_ENABLE_OBJC_ARC = YES;
				"CODE_SIGN_IDENTITY[sdk=iphoneos*]" = "iPhone Developer";
				COPY_PHASE_STRIP = NO;
				GCC_C_LANGUAGE_STANDARD = gnu99;
				GCC_DYNAMIC_NO_PIC = NO;
				GCC_OPTIMIZATION_LEVEL = 0;
				GCC_PREPROCESSOR_DEFINITIONS = (
					"DEBUG=1",
					"$(inherited)",
				);
				GCC_SYMBOLS_PRIVATE_EXTERN = NO;
				GCC_VERSION = com.apple.compilers.llvm.clang.1_0;
				GCC_WARN_ABOUT_RETURN_TYPE = YES;
				GCC_WARN_UNINITIALIZED_AUTOS = YES;
				GCC_WARN_UNUSED_VARIABLE = YES;
				IPHONEOS_DEPLOYMENT_TARGET = 5.1;
				SDKROOT = iphoneos;
				TARGETED_DEVICE_FAMILY = "1,2";
			};
			name = Debug;
		};
		970BE9BC152116C40061C583 /* Release */ = {
			isa = XCBuildConfiguration;
			buildSettings = {
				ALWAYS_SEARCH_USER_PATHS = NO;
				ARCHS = "$(ARCHS_STANDARD_32_BIT)";
				CLANG_ENABLE_OBJC_ARC = YES;
				"CODE_SIGN_IDENTITY[sdk=iphoneos*]" = "iPhone Developer";
				COPY_PHASE_STRIP = YES;
				GCC_C_LANGUAGE_STANDARD = gnu99;
				GCC_VERSION = com.apple.compilers.llvm.clang.1_0;
				GCC_WARN_ABOUT_RETURN_TYPE = YES;
				GCC_WARN_UNINITIALIZED_AUTOS = YES;
				GCC_WARN_UNUSED_VARIABLE = YES;
				IPHONEOS_DEPLOYMENT_TARGET = 5.1;
				OTHER_CFLAGS = "-DNS_BLOCK_ASSERTIONS=1";
				SDKROOT = iphoneos;
				TARGETED_DEVICE_FAMILY = "1,2";
				VALIDATE_PRODUCT = YES;
			};
			name = Release;
		};
		970BE9BE152116C40061C583 /* Debug */ = {
			isa = XCBuildConfiguration;
			buildSettings = {
				GCC_PRECOMPILE_PREFIX_HEADER = YES;
				GCC_PREFIX_HEADER = "ObjectiveC1-Week1/ObjectiveC1-Week1-Prefix.pch";
				INFOPLIST_FILE = "ObjectiveC1-Week1/ObjectiveC1-Week1-Info.plist";
				PRODUCT_NAME = "$(TARGET_NAME)";
				WRAPPER_EXTENSION = app;
			};
			name = Debug;
		};
		970BE9BF152116C40061C583 /* Release */ = {
			isa = XCBuildConfiguration;
			buildSettings = {
				GCC_PRECOMPILE_PREFIX_HEADER = YES;
				GCC_PREFIX_HEADER = "ObjectiveC1-Week1/ObjectiveC1-Week1-Prefix.pch";
				INFOPLIST_FILE = "ObjectiveC1-Week1/ObjectiveC1-Week1-Info.plist";
				PRODUCT_NAME = "$(TARGET_NAME)";
				WRAPPER_EXTENSION = app;
			};
			name = Release;
		};
		970BE9C1152116C40061C583 /* Debug */ = {
			isa = XCBuildConfiguration;
			buildSettings = {
				BUNDLE_LOADER = "$(BUILT_PRODUCTS_DIR)/ObjectiveC1-Week1.app/ObjectiveC1-Week1";
				FRAMEWORK_SEARCH_PATHS = (
					"$(SDKROOT)/Developer/Library/Frameworks",
					"$(DEVELOPER_LIBRARY_DIR)/Frameworks",
				);
				GCC_PRECOMPILE_PREFIX_HEADER = YES;
				GCC_PREFIX_HEADER = "ObjectiveC1-Week1/ObjectiveC1-Week1-Prefix.pch";
				INFOPLIST_FILE = "ObjectiveC1-Week1Tests/ObjectiveC1-Week1Tests-Info.plist";
				PRODUCT_NAME = "$(TARGET_NAME)";
				TEST_HOST = "$(BUNDLE_LOADER)";
				WRAPPER_EXTENSION = octest;
			};
			name = Debug;
		};
		970BE9C2152116C40061C583 /* Release */ = {
			isa = XCBuildConfiguration;
			buildSettings = {
				BUNDLE_LOADER = "$(BUILT_PRODUCTS_DIR)/ObjectiveC1-Week1.app/ObjectiveC1-Week1";
				FRAMEWORK_SEARCH_PATHS = (
					"$(SDKROOT)/Developer/Library/Frameworks",
					"$(DEVELOPER_LIBRARY_DIR)/Frameworks",
				);
				GCC_PRECOMPILE_PREFIX_HEADER = YES;
				GCC_PREFIX_HEADER = "ObjectiveC1-Week1/ObjectiveC1-Week1-Prefix.pch";
				INFOPLIST_FILE = "ObjectiveC1-Week1Tests/ObjectiveC1-Week1Tests-Info.plist";
				PRODUCT_NAME = "$(TARGET_NAME)";
				TEST_HOST = "$(BUNDLE_LOADER)";
				WRAPPER_EXTENSION = octest;
			};
			name = Release;
		};
/* End XCBuildConfiguration section */

/* Begin XCConfigurationList section */
		970BE98A152116C40061C583 /* Build configuration list for PBXProject "ObjectiveC1-Week1" */ = {
			isa = XCConfigurationList;
			buildConfigurations = (
				970BE9BB152116C40061C583 /* Debug */,
				970BE9BC152116C40061C583 /* Release */,
			);
			defaultConfigurationIsVisible = 0;
			defaultConfigurationName = Release;
		};
		970BE9BD152116C40061C583 /* Build configuration list for PBXNativeTarget "ObjectiveC1-Week1" */ = {
			isa = XCConfigurationList;
			buildConfigurations = (
				970BE9BE152116C40061C583 /* Debug */,
				970BE9BF152116C40061C583 /* Release */,
			);
			defaultConfigurationIsVisible = 0;
		};
		970BE9C0152116C40061C583 /* Build configuration list for PBXNativeTarget "ObjectiveC1-Week1Tests" */ = {
			isa = XCConfigurationList;
			buildConfigurations = (
				970BE9C1152116C40061C583 /* Debug */,
				970BE9C2152116C40061C583 /* Release */,
			);
			defaultConfigurationIsVisible = 0;
		};
/* End XCConfigurationList section */
	};
	rootObject = 970BE987152116C40061C583 /* Project object */;
}
