// !$*UTF8*$!
{
	archiveVersion = 1;
	classes = {
	};
	objectVersion = 46;
	objects = {

/* Begin PBXBuildFile section */
		9746DC8F157FB3A60073E1A3 /* UIKit.framework in Frameworks */ = {isa = PBXBuildFile; fileRef = 9746DC8E157FB3A60073E1A3 /* UIKit.framework */; };
		9746DC91157FB3A60073E1A3 /* Foundation.framework in Frameworks */ = {isa = PBXBuildFile; fileRef = 9746DC90157FB3A60073E1A3 /* Foundation.framework */; };
		9746DC93157FB3A60073E1A3 /* CoreGraphics.framework in Frameworks */ = {isa = PBXBuildFile; fileRef = 9746DC92157FB3A60073E1A3 /* CoreGraphics.framework */; };
		9746DC99157FB3A60073E1A3 /* InfoPlist.strings in Resources */ = {isa = PBXBuildFile; fileRef = 9746DC97157FB3A60073E1A3 /* InfoPlist.strings */; };
		9746DC9B157FB3A60073E1A3 /* main.m in Sources */ = {isa = PBXBuildFile; fileRef = 9746DC9A157FB3A60073E1A3 /* main.m */; };
		9746DC9F157FB3A60073E1A3 /* AppDelegate.m in Sources */ = {isa = PBXBuildFile; fileRef = 9746DC9E157FB3A60073E1A3 /* AppDelegate.m */; };
		9746DCA2157FB3A60073E1A3 /* MainStoryboard.storyboard in Resources */ = {isa = PBXBuildFile; fileRef = 9746DCA0157FB3A60073E1A3 /* MainStoryboard.storyboard */; };
		9746DCA7157FB3A60073E1A3 /* first.png in Resources */ = {isa = PBXBuildFile; fileRef = 9746DCA6157FB3A60073E1A3 /* first.png */; };
		9746DCA9157FB3A60073E1A3 /* first@2x.png in Resources */ = {isa = PBXBuildFile; fileRef = 9746DCA8157FB3A60073E1A3 /* first@2x.png */; };
		9746DCAC157FB3A60073E1A3 /* SecondViewController.m in Sources */ = {isa = PBXBuildFile; fileRef = 9746DCAB157FB3A60073E1A3 /* SecondViewController.m */; };
		9746DCAE157FB3A60073E1A3 /* second.png in Resources */ = {isa = PBXBuildFile; fileRef = 9746DCAD157FB3A60073E1A3 /* second.png */; };
		9746DCB0157FB3A60073E1A3 /* second@2x.png in Resources */ = {isa = PBXBuildFile; fileRef = 9746DCAF157FB3A60073E1A3 /* second@2x.png */; };
		9746DCC0157FC80C0073E1A3 /* star.png in Resources */ = {isa = PBXBuildFile; fileRef = 9746DCBA157FC80C0073E1A3 /* star.png */; };
		9746DCC1157FC80C0073E1A3 /* food.csv in Resources */ = {isa = PBXBuildFile; fileRef = 9746DCBB157FC80C0073E1A3 /* food.csv */; };
		9746DCC2157FC80C0073E1A3 /* ViewController.m in Sources */ = {isa = PBXBuildFile; fileRef = 9746DCBD157FC80C0073E1A3 /* ViewController.m */; };
		9746DCC3157FC80C0073E1A3 /* Cell.m in Sources */ = {isa = PBXBuildFile; fileRef = 9746DCBF157FC80C0073E1A3 /* Cell.m */; };
/* End PBXBuildFile section */

/* Begin PBXFileReference section */
		9746DC8A157FB3A60073E1A3 /* MD-Week2.app */ = {isa = PBXFileReference; explicitFileType = wrapper.application; includeInIndex = 0; path = "MD-Week2.app"; sourceTree = BUILT_PRODUCTS_DIR; };
		9746DC8E157FB3A60073E1A3 /* UIKit.framework */ = {isa = PBXFileReference; lastKnownFileType = wrapper.framework; name = UIKit.framework; path = System/Library/Frameworks/UIKit.framework; sourceTree = SDKROOT; };
		9746DC90157FB3A60073E1A3 /* Foundation.framework */ = {isa = PBXFileReference; lastKnownFileType = wrapper.framework; name = Foundation.framework; path = System/Library/Frameworks/Foundation.framework; sourceTree = SDKROOT; };
		9746DC92157FB3A60073E1A3 /* CoreGraphics.framework */ = {isa = PBXFileReference; lastKnownFileType = wrapper.framework; name = CoreGraphics.framework; path = System/Library/Frameworks/CoreGraphics.framework; sourceTree = SDKROOT; };
		9746DC96157FB3A60073E1A3 /* MD-Week2-Info.plist */ = {isa = PBXFileReference; lastKnownFileType = text.plist.xml; path = "MD-Week2-Info.plist"; sourceTree = "<group>"; };
		9746DC98157FB3A60073E1A3 /* en */ = {isa = PBXFileReference; lastKnownFileType = text.plist.strings; name = en; path = en.lproj/InfoPlist.strings; sourceTree = "<group>"; };
		9746DC9A157FB3A60073E1A3 /* main.m */ = {isa = PBXFileReference; lastKnownFileType = sourcecode.c.objc; path = main.m; sourceTree = "<group>"; };
		9746DC9C157FB3A60073E1A3 /* MD-Week2-Prefix.pch */ = {isa = PBXFileReference; lastKnownFileType = sourcecode.c.h; path = "MD-Week2-Prefix.pch"; sourceTree = "<group>"; };
		9746DC9D157FB3A60073E1A3 /* AppDelegate.h */ = {isa = PBXFileReference; lastKnownFileType = sourcecode.c.h; path = AppDelegate.h; sourceTree = "<group>"; };
		9746DC9E157FB3A60073E1A3 /* AppDelegate.m */ = {isa = PBXFileReference; lastKnownFileType = sourcecode.c.objc; path = AppDelegate.m; sourceTree = "<group>"; };
		9746DCA1157FB3A60073E1A3 /* en */ = {isa = PBXFileReference; lastKnownFileType = file.storyboard; name = en; path = en.lproj/MainStoryboard.storyboard; sourceTree = "<group>"; };
		9746DCA6157FB3A60073E1A3 /* first.png */ = {isa = PBXFileReference; lastKnownFileType = image.png; path = first.png; sourceTree = "<group>"; };
		9746DCA8157FB3A60073E1A3 /* first@2x.png */ = {isa = PBXFileReference; lastKnownFileType = image.png; path = "first@2x.png"; sourceTree = "<group>"; };
		9746DCAA157FB3A60073E1A3 /* SecondViewController.h */ = {isa = PBXFileReference; lastKnownFileType = sourcecode.c.h; path = SecondViewController.h; sourceTree = "<group>"; };
		9746DCAB157FB3A60073E1A3 /* SecondViewController.m */ = {isa = PBXFileReference; lastKnownFileType = sourcecode.c.objc; path = SecondViewController.m; sourceTree = "<group>"; };
		9746DCAD157FB3A60073E1A3 /* second.png */ = {isa = PBXFileReference; lastKnownFileType = image.png; path = second.png; sourceTree = "<group>"; };
		9746DCAF157FB3A60073E1A3 /* second@2x.png */ = {isa = PBXFileReference; lastKnownFileType = image.png; path = "second@2x.png"; sourceTree = "<group>"; };
		9746DCBA157FC80C0073E1A3 /* star.png */ = {isa = PBXFileReference; lastKnownFileType = image.png; path = star.png; sourceTree = "<group>"; };
		9746DCBB157FC80C0073E1A3 /* food.csv */ = {isa = PBXFileReference; fileEncoding = 4; lastKnownFileType = text; path = food.csv; sourceTree = "<group>"; };
		9746DCBC157FC80C0073E1A3 /* ViewController.h */ = {isa = PBXFileReference; fileEncoding = 4; lastKnownFileType = sourcecode.c.h; path = ViewController.h; sourceTree = "<group>"; };
		9746DCBD157FC80C0073E1A3 /* ViewController.m */ = {isa = PBXFileReference; fileEncoding = 4; lastKnownFileType = sourcecode.c.objc; path = ViewController.m; sourceTree = "<group>"; };
		9746DCBE157FC80C0073E1A3 /* Cell.h */ = {isa = PBXFileReference; fileEncoding = 4; lastKnownFileType = sourcecode.c.h; path = Cell.h; sourceTree = "<group>"; };
		9746DCBF157FC80C0073E1A3 /* Cell.m */ = {isa = PBXFileReference; fileEncoding = 4; lastKnownFileType = sourcecode.c.objc; path = Cell.m; sourceTree = "<group>"; };
/* End PBXFileReference section */

/* Begin PBXFrameworksBuildPhase section */
		9746DC87157FB3A60073E1A3 /* Frameworks */ = {
			isa = PBXFrameworksBuildPhase;
			buildActionMask = 2147483647;
			files = (
				9746DC8F157FB3A60073E1A3 /* UIKit.framework in Frameworks */,
				9746DC91157FB3A60073E1A3 /* Foundation.framework in Frameworks */,
				9746DC93157FB3A60073E1A3 /* CoreGraphics.framework in Frameworks */,
			);
			runOnlyForDeploymentPostprocessing = 0;
		};
/* End PBXFrameworksBuildPhase section */

/* Begin PBXGroup section */
		9746DC7F157FB3A60073E1A3 = {
			isa = PBXGroup;
			children = (
				9746DC94157FB3A60073E1A3 /* MD-Week2 */,
				9746DC8D157FB3A60073E1A3 /* Frameworks */,
				9746DC8B157FB3A60073E1A3 /* Products */,
			);
			sourceTree = "<group>";
		};
		9746DC8B157FB3A60073E1A3 /* Products */ = {
			isa = PBXGroup;
			children = (
				9746DC8A157FB3A60073E1A3 /* MD-Week2.app */,
			);
			name = Products;
			sourceTree = "<group>";
		};
		9746DC8D157FB3A60073E1A3 /* Frameworks */ = {
			isa = PBXGroup;
			children = (
				9746DC8E157FB3A60073E1A3 /* UIKit.framework */,
				9746DC90157FB3A60073E1A3 /* Foundation.framework */,
				9746DC92157FB3A60073E1A3 /* CoreGraphics.framework */,
			);
			name = Frameworks;
			sourceTree = "<group>";
		};
		9746DC94157FB3A60073E1A3 /* MD-Week2 */ = {
			isa = PBXGroup;
			children = (
				9746DC9D157FB3A60073E1A3 /* AppDelegate.h */,
				9746DC9E157FB3A60073E1A3 /* AppDelegate.m */,
				9746DCA0157FB3A60073E1A3 /* MainStoryboard.storyboard */,
				9746DCA6157FB3A60073E1A3 /* first.png */,
				9746DCA8157FB3A60073E1A3 /* first@2x.png */,
				9746DCAA157FB3A60073E1A3 /* SecondViewController.h */,
				9746DCAB157FB3A60073E1A3 /* SecondViewController.m */,
				9746DCAD157FB3A60073E1A3 /* second.png */,
				9746DCAF157FB3A60073E1A3 /* second@2x.png */,
				9746DCBA157FC80C0073E1A3 /* star.png */,
				9746DCBB157FC80C0073E1A3 /* food.csv */,
				9746DCBC157FC80C0073E1A3 /* ViewController.h */,
				9746DCBD157FC80C0073E1A3 /* ViewController.m */,
				9746DCBE157FC80C0073E1A3 /* Cell.h */,
				9746DCBF157FC80C0073E1A3 /* Cell.m */,
				9746DC95157FB3A60073E1A3 /* Supporting Files */,
			);
			path = "MD-Week2";
			sourceTree = "<group>";
		};
		9746DC95157FB3A60073E1A3 /* Supporting Files */ = {
			isa = PBXGroup;
			children = (
				9746DC96157FB3A60073E1A3 /* MD-Week2-Info.plist */,
				9746DC97157FB3A60073E1A3 /* InfoPlist.strings */,
				9746DC9A157FB3A60073E1A3 /* main.m */,
				9746DC9C157FB3A60073E1A3 /* MD-Week2-Prefix.pch */,
			);
			name = "Supporting Files";
			sourceTree = "<group>";
		};
/* End PBXGroup section */

/* Begin PBXNativeTarget section */
		9746DC89157FB3A60073E1A3 /* MD-Week2 */ = {
			isa = PBXNativeTarget;
			buildConfigurationList = 9746DCB3157FB3A60073E1A3 /* Build configuration list for PBXNativeTarget "MD-Week2" */;
			buildPhases = (
				9746DC86157FB3A60073E1A3 /* Sources */,
				9746DC87157FB3A60073E1A3 /* Frameworks */,
				9746DC88157FB3A60073E1A3 /* Resources */,
			);
			buildRules = (
			);
			dependencies = (
			);
			name = "MD-Week2";
			productName = "MD-Week2";
			productReference = 9746DC8A157FB3A60073E1A3 /* MD-Week2.app */;
			productType = "com.apple.product-type.application";
		};
/* End PBXNativeTarget section */

/* Begin PBXProject section */
		9746DC81157FB3A60073E1A3 /* Project object */ = {
			isa = PBXProject;
			attributes = {
				LastUpgradeCheck = 0430;
			};
			buildConfigurationList = 9746DC84157FB3A60073E1A3 /* Build configuration list for PBXProject "MD-Week2" */;
			compatibilityVersion = "Xcode 3.2";
			developmentRegion = English;
			hasScannedForEncodings = 0;
			knownRegions = (
				en,
			);
			mainGroup = 9746DC7F157FB3A60073E1A3;
			productRefGroup = 9746DC8B157FB3A60073E1A3 /* Products */;
			projectDirPath = "";
			projectRoot = "";
			targets = (
				9746DC89157FB3A60073E1A3 /* MD-Week2 */,
			);
		};
/* End PBXProject section */

/* Begin PBXResourcesBuildPhase section */
		9746DC88157FB3A60073E1A3 /* Resources */ = {
			isa = PBXResourcesBuildPhase;
			buildActionMask = 2147483647;
			files = (
				9746DC99157FB3A60073E1A3 /* InfoPlist.strings in Resources */,
				9746DCA2157FB3A60073E1A3 /* MainStoryboard.storyboard in Resources */,
				9746DCA7157FB3A60073E1A3 /* first.png in Resources */,
				9746DCA9157FB3A60073E1A3 /* first@2x.png in Resources */,
				9746DCAE157FB3A60073E1A3 /* second.png in Resources */,
				9746DCB0157FB3A60073E1A3 /* second@2x.png in Resources */,
				9746DCC0157FC80C0073E1A3 /* star.png in Resources */,
				9746DCC1157FC80C0073E1A3 /* food.csv in Resources */,
			);
			runOnlyForDeploymentPostprocessing = 0;
		};
/* End PBXResourcesBuildPhase section */

/* Begin PBXSourcesBuildPhase section */
		9746DC86157FB3A60073E1A3 /* Sources */ = {
			isa = PBXSourcesBuildPhase;
			buildActionMask = 2147483647;
			files = (
				9746DC9B157FB3A60073E1A3 /* main.m in Sources */,
				9746DC9F157FB3A60073E1A3 /* AppDelegate.m in Sources */,
				9746DCAC157FB3A60073E1A3 /* SecondViewController.m in Sources */,
				9746DCC2157FC80C0073E1A3 /* ViewController.m in Sources */,
				9746DCC3157FC80C0073E1A3 /* Cell.m in Sources */,
			);
			runOnlyForDeploymentPostprocessing = 0;
		};
/* End PBXSourcesBuildPhase section */

/* Begin PBXVariantGroup section */
		9746DC97157FB3A60073E1A3 /* InfoPlist.strings */ = {
			isa = PBXVariantGroup;
			children = (
				9746DC98157FB3A60073E1A3 /* en */,
			);
			name = InfoPlist.strings;
			sourceTree = "<group>";
		};
		9746DCA0157FB3A60073E1A3 /* MainStoryboard.storyboard */ = {
			isa = PBXVariantGroup;
			children = (
				9746DCA1157FB3A60073E1A3 /* en */,
			);
			name = MainStoryboard.storyboard;
			sourceTree = "<group>";
		};
/* End PBXVariantGroup section */

/* Begin XCBuildConfiguration section */
		9746DCB1157FB3A60073E1A3 /* Debug */ = {
			isa = XCBuildConfiguration;
			buildSettings = {
				ALWAYS_SEARCH_USER_PATHS = NO;
				ARCHS = "$(ARCHS_STANDARD_32_BIT)";
				CLANG_ENABLE_OBJC_ARC = YES;
				"CODE_SIGN_IDENTITY[sdk=iphoneos*]" = "iPhone Developer";
				COPY_PHASE_STRIP = NO;
				GCC_C_LANGUAGE_STANDARD = gnu99;
				GCC_DYNAMIC_NO_PIC = NO;
				GCC_OPTIMIZATION_LEVEL = 0;
				GCC_PREPROCESSOR_DEFINITIONS = (
					"DEBUG=1",
					"$(inherited)",
				);
				GCC_SYMBOLS_PRIVATE_EXTERN = NO;
				GCC_VERSION = com.apple.compilers.llvm.clang.1_0;
				GCC_WARN_ABOUT_RETURN_TYPE = YES;
				GCC_WARN_UNINITIALIZED_AUTOS = YES;
				GCC_WARN_UNUSED_VARIABLE = YES;
				IPHONEOS_DEPLOYMENT_TARGET = 5.1;
				SDKROOT = iphoneos;
			};
			name = Debug;
		};
		9746DCB2157FB3A60073E1A3 /* Release */ = {
			isa = XCBuildConfiguration;
			buildSettings = {
				ALWAYS_SEARCH_USER_PATHS = NO;
				ARCHS = "$(ARCHS_STANDARD_32_BIT)";
				CLANG_ENABLE_OBJC_ARC = YES;
				"CODE_SIGN_IDENTITY[sdk=iphoneos*]" = "iPhone Developer";
				COPY_PHASE_STRIP = YES;
				GCC_C_LANGUAGE_STANDARD = gnu99;
				GCC_VERSION = com.apple.compilers.llvm.clang.1_0;
				GCC_WARN_ABOUT_RETURN_TYPE = YES;
				GCC_WARN_UNINITIALIZED_AUTOS = YES;
				GCC_WARN_UNUSED_VARIABLE = YES;
				IPHONEOS_DEPLOYMENT_TARGET = 5.1;
				OTHER_CFLAGS = "-DNS_BLOCK_ASSERTIONS=1";
				SDKROOT = iphoneos;
				VALIDATE_PRODUCT = YES;
			};
			name = Release;
		};
		9746DCB4157FB3A60073E1A3 /* Debug */ = {
			isa = XCBuildConfiguration;
			buildSettings = {
				GCC_PRECOMPILE_PREFIX_HEADER = YES;
				GCC_PREFIX_HEADER = "MD-Week2/MD-Week2-Prefix.pch";
				INFOPLIST_FILE = "MD-Week2/MD-Week2-Info.plist";
				PRODUCT_NAME = "$(TARGET_NAME)";
				WRAPPER_EXTENSION = app;
			};
			name = Debug;
		};
		9746DCB5157FB3A60073E1A3 /* Release */ = {
			isa = XCBuildConfiguration;
			buildSettings = {
				GCC_PRECOMPILE_PREFIX_HEADER = YES;
				GCC_PREFIX_HEADER = "MD-Week2/MD-Week2-Prefix.pch";
				INFOPLIST_FILE = "MD-Week2/MD-Week2-Info.plist";
				PRODUCT_NAME = "$(TARGET_NAME)";
				WRAPPER_EXTENSION = app;
			};
			name = Release;
		};
/* End XCBuildConfiguration section */

/* Begin XCConfigurationList section */
		9746DC84157FB3A60073E1A3 /* Build configuration list for PBXProject "MD-Week2" */ = {
			isa = XCConfigurationList;
			buildConfigurations = (
				9746DCB1157FB3A60073E1A3 /* Debug */,
				9746DCB2157FB3A60073E1A3 /* Release */,
			);
			defaultConfigurationIsVisible = 0;
			defaultConfigurationName = Release;
		};
		9746DCB3157FB3A60073E1A3 /* Build configuration list for PBXNativeTarget "MD-Week2" */ = {
			isa = XCConfigurationList;
			buildConfigurations = (
				9746DCB4157FB3A60073E1A3 /* Debug */,
				9746DCB5157FB3A60073E1A3 /* Release */,
			);
			defaultConfigurationIsVisible = 0;
		};
/* End XCConfigurationList section */
	};
	rootObject = 9746DC81157FB3A60073E1A3 /* Project object */;
}
