// !$*UTF8*$!
{
	archiveVersion = 1;
	classes = {
	};
	objectVersion = 46;
	objects = {

/* Begin PBXBuildFile section */
		97E708811588DDC5006254F6 /* UIKit.framework in Frameworks */ = {isa = PBXBuildFile; fileRef = 97E708801588DDC5006254F6 /* UIKit.framework */; };
		97E708831588DDC5006254F6 /* Foundation.framework in Frameworks */ = {isa = PBXBuildFile; fileRef = 97E708821588DDC5006254F6 /* Foundation.framework */; };
		97E708851588DDC5006254F6 /* CoreGraphics.framework in Frameworks */ = {isa = PBXBuildFile; fileRef = 97E708841588DDC5006254F6 /* CoreGraphics.framework */; };
		97E7088B1588DDC5006254F6 /* InfoPlist.strings in Resources */ = {isa = PBXBuildFile; fileRef = 97E708891588DDC5006254F6 /* InfoPlist.strings */; };
		97E7088D1588DDC5006254F6 /* main.m in Sources */ = {isa = PBXBuildFile; fileRef = 97E7088C1588DDC5006254F6 /* main.m */; };
		97E708911588DDC5006254F6 /* AppDelegate.m in Sources */ = {isa = PBXBuildFile; fileRef = 97E708901588DDC5006254F6 /* AppDelegate.m */; };
		97E708941588DDC5006254F6 /* MainStoryboard.storyboard in Resources */ = {isa = PBXBuildFile; fileRef = 97E708921588DDC5006254F6 /* MainStoryboard.storyboard */; };
		97E708991588DDC5006254F6 /* first.png in Resources */ = {isa = PBXBuildFile; fileRef = 97E708981588DDC5006254F6 /* first.png */; };
		97E7089B1588DDC5006254F6 /* first@2x.png in Resources */ = {isa = PBXBuildFile; fileRef = 97E7089A1588DDC5006254F6 /* first@2x.png */; };
		97E7089E1588DDC5006254F6 /* SecondViewController.m in Sources */ = {isa = PBXBuildFile; fileRef = 97E7089D1588DDC5006254F6 /* SecondViewController.m */; };
		97E708A01588DDC5006254F6 /* second.png in Resources */ = {isa = PBXBuildFile; fileRef = 97E7089F1588DDC5006254F6 /* second.png */; };
		97E708A21588DDC5006254F6 /* second@2x.png in Resources */ = {isa = PBXBuildFile; fileRef = 97E708A11588DDC5006254F6 /* second@2x.png */; };
		97E708AA1588DEC2006254F6 /* FirstViewController.m in Sources */ = {isa = PBXBuildFile; fileRef = 97E708A91588DEC2006254F6 /* FirstViewController.m */; };
		97E708AD1588DED5006254F6 /* MapViewController.m in Sources */ = {isa = PBXBuildFile; fileRef = 97E708AC1588DED5006254F6 /* MapViewController.m */; };
		97E708B01588E7A9006254F6 /* BussinessObj.m in Sources */ = {isa = PBXBuildFile; fileRef = 97E708AF1588E7A9006254F6 /* BussinessObj.m */; };
		97E708B21588E86E006254F6 /* MapKit.framework in Frameworks */ = {isa = PBXBuildFile; fileRef = 97E708B11588E86E006254F6 /* MapKit.framework */; };
		97E708BC15892051006254F6 /* CoreLocation.framework in Frameworks */ = {isa = PBXBuildFile; fileRef = 97E708BB15892051006254F6 /* CoreLocation.framework */; };
/* End PBXBuildFile section */

/* Begin PBXFileReference section */
		97E7087C1588DDC5006254F6 /* MD-Week3.app */ = {isa = PBXFileReference; explicitFileType = wrapper.application; includeInIndex = 0; path = "MD-Week3.app"; sourceTree = BUILT_PRODUCTS_DIR; };
		97E708801588DDC5006254F6 /* UIKit.framework */ = {isa = PBXFileReference; lastKnownFileType = wrapper.framework; name = UIKit.framework; path = System/Library/Frameworks/UIKit.framework; sourceTree = SDKROOT; };
		97E708821588DDC5006254F6 /* Foundation.framework */ = {isa = PBXFileReference; lastKnownFileType = wrapper.framework; name = Foundation.framework; path = System/Library/Frameworks/Foundation.framework; sourceTree = SDKROOT; };
		97E708841588DDC5006254F6 /* CoreGraphics.framework */ = {isa = PBXFileReference; lastKnownFileType = wrapper.framework; name = CoreGraphics.framework; path = System/Library/Frameworks/CoreGraphics.framework; sourceTree = SDKROOT; };
		97E708881588DDC5006254F6 /* MD-Week3-Info.plist */ = {isa = PBXFileReference; lastKnownFileType = text.plist.xml; path = "MD-Week3-Info.plist"; sourceTree = "<group>"; };
		97E7088A1588DDC5006254F6 /* en */ = {isa = PBXFileReference; lastKnownFileType = text.plist.strings; name = en; path = en.lproj/InfoPlist.strings; sourceTree = "<group>"; };
		97E7088C1588DDC5006254F6 /* main.m */ = {isa = PBXFileReference; lastKnownFileType = sourcecode.c.objc; path = main.m; sourceTree = "<group>"; };
		97E7088E1588DDC5006254F6 /* MD-Week3-Prefix.pch */ = {isa = PBXFileReference; lastKnownFileType = sourcecode.c.h; path = "MD-Week3-Prefix.pch"; sourceTree = "<group>"; };
		97E7088F1588DDC5006254F6 /* AppDelegate.h */ = {isa = PBXFileReference; lastKnownFileType = sourcecode.c.h; path = AppDelegate.h; sourceTree = "<group>"; };
		97E708901588DDC5006254F6 /* AppDelegate.m */ = {isa = PBXFileReference; lastKnownFileType = sourcecode.c.objc; path = AppDelegate.m; sourceTree = "<group>"; };
		97E708931588DDC5006254F6 /* en */ = {isa = PBXFileReference; lastKnownFileType = file.storyboard; name = en; path = en.lproj/MainStoryboard.storyboard; sourceTree = "<group>"; };
		97E708981588DDC5006254F6 /* first.png */ = {isa = PBXFileReference; lastKnownFileType = image.png; path = first.png; sourceTree = "<group>"; };
		97E7089A1588DDC5006254F6 /* first@2x.png */ = {isa = PBXFileReference; lastKnownFileType = image.png; path = "first@2x.png"; sourceTree = "<group>"; };
		97E7089C1588DDC5006254F6 /* SecondViewController.h */ = {isa = PBXFileReference; lastKnownFileType = sourcecode.c.h; path = SecondViewController.h; sourceTree = "<group>"; };
		97E7089D1588DDC5006254F6 /* SecondViewController.m */ = {isa = PBXFileReference; lastKnownFileType = sourcecode.c.objc; path = SecondViewController.m; sourceTree = "<group>"; };
		97E7089F1588DDC5006254F6 /* second.png */ = {isa = PBXFileReference; lastKnownFileType = image.png; path = second.png; sourceTree = "<group>"; };
		97E708A11588DDC5006254F6 /* second@2x.png */ = {isa = PBXFileReference; lastKnownFileType = image.png; path = "second@2x.png"; sourceTree = "<group>"; };
		97E708A81588DEC2006254F6 /* FirstViewController.h */ = {isa = PBXFileReference; fileEncoding = 4; lastKnownFileType = sourcecode.c.h; path = FirstViewController.h; sourceTree = "<group>"; };
		97E708A91588DEC2006254F6 /* FirstViewController.m */ = {isa = PBXFileReference; fileEncoding = 4; lastKnownFileType = sourcecode.c.objc; path = FirstViewController.m; sourceTree = "<group>"; };
		97E708AB1588DED5006254F6 /* MapViewController.h */ = {isa = PBXFileReference; fileEncoding = 4; lastKnownFileType = sourcecode.c.h; path = MapViewController.h; sourceTree = "<group>"; };
		97E708AC1588DED5006254F6 /* MapViewController.m */ = {isa = PBXFileReference; fileEncoding = 4; lastKnownFileType = sourcecode.c.objc; path = MapViewController.m; sourceTree = "<group>"; };
		97E708AE1588E7A9006254F6 /* BussinessObj.h */ = {isa = PBXFileReference; fileEncoding = 4; lastKnownFileType = sourcecode.c.h; path = BussinessObj.h; sourceTree = "<group>"; };
		97E708AF1588E7A9006254F6 /* BussinessObj.m */ = {isa = PBXFileReference; fileEncoding = 4; lastKnownFileType = sourcecode.c.objc; path = BussinessObj.m; sourceTree = "<group>"; };
		97E708B11588E86E006254F6 /* MapKit.framework */ = {isa = PBXFileReference; lastKnownFileType = wrapper.framework; name = MapKit.framework; path = System/Library/Frameworks/MapKit.framework; sourceTree = SDKROOT; };
		97E708BB15892051006254F6 /* CoreLocation.framework */ = {isa = PBXFileReference; lastKnownFileType = wrapper.framework; name = CoreLocation.framework; path = System/Library/Frameworks/CoreLocation.framework; sourceTree = SDKROOT; };
/* End PBXFileReference section */

/* Begin PBXFrameworksBuildPhase section */
		97E708791588DDC5006254F6 /* Frameworks */ = {
			isa = PBXFrameworksBuildPhase;
			buildActionMask = 2147483647;
			files = (
				97E708BC15892051006254F6 /* CoreLocation.framework in Frameworks */,
				97E708B21588E86E006254F6 /* MapKit.framework in Frameworks */,
				97E708811588DDC5006254F6 /* UIKit.framework in Frameworks */,
				97E708831588DDC5006254F6 /* Foundation.framework in Frameworks */,
				97E708851588DDC5006254F6 /* CoreGraphics.framework in Frameworks */,
			);
			runOnlyForDeploymentPostprocessing = 0;
		};
/* End PBXFrameworksBuildPhase section */

/* Begin PBXGroup section */
		97E708711588DDC5006254F6 = {
			isa = PBXGroup;
			children = (
				97E708BB15892051006254F6 /* CoreLocation.framework */,
				97E708B11588E86E006254F6 /* MapKit.framework */,
				97E708861588DDC5006254F6 /* MD-Week3 */,
				97E7087F1588DDC5006254F6 /* Frameworks */,
				97E7087D1588DDC5006254F6 /* Products */,
			);
			sourceTree = "<group>";
		};
		97E7087D1588DDC5006254F6 /* Products */ = {
			isa = PBXGroup;
			children = (
				97E7087C1588DDC5006254F6 /* MD-Week3.app */,
			);
			name = Products;
			sourceTree = "<group>";
		};
		97E7087F1588DDC5006254F6 /* Frameworks */ = {
			isa = PBXGroup;
			children = (
				97E708801588DDC5006254F6 /* UIKit.framework */,
				97E708821588DDC5006254F6 /* Foundation.framework */,
				97E708841588DDC5006254F6 /* CoreGraphics.framework */,
			);
			name = Frameworks;
			sourceTree = "<group>";
		};
		97E708861588DDC5006254F6 /* MD-Week3 */ = {
			isa = PBXGroup;
			children = (
				97E7088F1588DDC5006254F6 /* AppDelegate.h */,
				97E708901588DDC5006254F6 /* AppDelegate.m */,
				97E708921588DDC5006254F6 /* MainStoryboard.storyboard */,
				97E708A81588DEC2006254F6 /* FirstViewController.h */,
				97E708A91588DEC2006254F6 /* FirstViewController.m */,
				97E708981588DDC5006254F6 /* first.png */,
				97E7089A1588DDC5006254F6 /* first@2x.png */,
				97E7089C1588DDC5006254F6 /* SecondViewController.h */,
				97E7089D1588DDC5006254F6 /* SecondViewController.m */,
				97E7089F1588DDC5006254F6 /* second.png */,
				97E708A11588DDC5006254F6 /* second@2x.png */,
				97E708AB1588DED5006254F6 /* MapViewController.h */,
				97E708AC1588DED5006254F6 /* MapViewController.m */,
				97E708AE1588E7A9006254F6 /* BussinessObj.h */,
				97E708AF1588E7A9006254F6 /* BussinessObj.m */,
				97E708871588DDC5006254F6 /* Supporting Files */,
			);
			path = "MD-Week3";
			sourceTree = "<group>";
		};
		97E708871588DDC5006254F6 /* Supporting Files */ = {
			isa = PBXGroup;
			children = (
				97E708881588DDC5006254F6 /* MD-Week3-Info.plist */,
				97E708891588DDC5006254F6 /* InfoPlist.strings */,
				97E7088C1588DDC5006254F6 /* main.m */,
				97E7088E1588DDC5006254F6 /* MD-Week3-Prefix.pch */,
			);
			name = "Supporting Files";
			sourceTree = "<group>";
		};
/* End PBXGroup section */

/* Begin PBXNativeTarget section */
		97E7087B1588DDC5006254F6 /* MD-Week3 */ = {
			isa = PBXNativeTarget;
			buildConfigurationList = 97E708A51588DDC5006254F6 /* Build configuration list for PBXNativeTarget "MD-Week3" */;
			buildPhases = (
				97E708781588DDC5006254F6 /* Sources */,
				97E708791588DDC5006254F6 /* Frameworks */,
				97E7087A1588DDC5006254F6 /* Resources */,
			);
			buildRules = (
			);
			dependencies = (
			);
			name = "MD-Week3";
			productName = "MD-Week3";
			productReference = 97E7087C1588DDC5006254F6 /* MD-Week3.app */;
			productType = "com.apple.product-type.application";
		};
/* End PBXNativeTarget section */

/* Begin PBXProject section */
		97E708731588DDC5006254F6 /* Project object */ = {
			isa = PBXProject;
			attributes = {
				LastUpgradeCheck = 0430;
			};
			buildConfigurationList = 97E708761588DDC5006254F6 /* Build configuration list for PBXProject "MD-Week3" */;
			compatibilityVersion = "Xcode 3.2";
			developmentRegion = English;
			hasScannedForEncodings = 0;
			knownRegions = (
				en,
			);
			mainGroup = 97E708711588DDC5006254F6;
			productRefGroup = 97E7087D1588DDC5006254F6 /* Products */;
			projectDirPath = "";
			projectRoot = "";
			targets = (
				97E7087B1588DDC5006254F6 /* MD-Week3 */,
			);
		};
/* End PBXProject section */

/* Begin PBXResourcesBuildPhase section */
		97E7087A1588DDC5006254F6 /* Resources */ = {
			isa = PBXResourcesBuildPhase;
			buildActionMask = 2147483647;
			files = (
				97E7088B1588DDC5006254F6 /* InfoPlist.strings in Resources */,
				97E708941588DDC5006254F6 /* MainStoryboard.storyboard in Resources */,
				97E708991588DDC5006254F6 /* first.png in Resources */,
				97E7089B1588DDC5006254F6 /* first@2x.png in Resources */,
				97E708A01588DDC5006254F6 /* second.png in Resources */,
				97E708A21588DDC5006254F6 /* second@2x.png in Resources */,
			);
			runOnlyForDeploymentPostprocessing = 0;
		};
/* End PBXResourcesBuildPhase section */

/* Begin PBXSourcesBuildPhase section */
		97E708781588DDC5006254F6 /* Sources */ = {
			isa = PBXSourcesBuildPhase;
			buildActionMask = 2147483647;
			files = (
				97E7088D1588DDC5006254F6 /* main.m in Sources */,
				97E708911588DDC5006254F6 /* AppDelegate.m in Sources */,
				97E7089E1588DDC5006254F6 /* SecondViewController.m in Sources */,
				97E708AA1588DEC2006254F6 /* FirstViewController.m in Sources */,
				97E708AD1588DED5006254F6 /* MapViewController.m in Sources */,
				97E708B01588E7A9006254F6 /* BussinessObj.m in Sources */,
			);
			runOnlyForDeploymentPostprocessing = 0;
		};
/* End PBXSourcesBuildPhase section */

/* Begin PBXVariantGroup section */
		97E708891588DDC5006254F6 /* InfoPlist.strings */ = {
			isa = PBXVariantGroup;
			children = (
				97E7088A1588DDC5006254F6 /* en */,
			);
			name = InfoPlist.strings;
			sourceTree = "<group>";
		};
		97E708921588DDC5006254F6 /* MainStoryboard.storyboard */ = {
			isa = PBXVariantGroup;
			children = (
				97E708931588DDC5006254F6 /* en */,
			);
			name = MainStoryboard.storyboard;
			sourceTree = "<group>";
		};
/* End PBXVariantGroup section */

/* Begin XCBuildConfiguration section */
		97E708A31588DDC5006254F6 /* Debug */ = {
			isa = XCBuildConfiguration;
			buildSettings = {
				ALWAYS_SEARCH_USER_PATHS = NO;
				ARCHS = "$(ARCHS_STANDARD_32_BIT)";
				CLANG_ENABLE_OBJC_ARC = YES;
				"CODE_SIGN_IDENTITY[sdk=iphoneos*]" = "iPhone Developer";
				COPY_PHASE_STRIP = NO;
				GCC_C_LANGUAGE_STANDARD = gnu99;
				GCC_DYNAMIC_NO_PIC = NO;
				GCC_OPTIMIZATION_LEVEL = 0;
				GCC_PREPROCESSOR_DEFINITIONS = (
					"DEBUG=1",
					"$(inherited)",
				);
				GCC_SYMBOLS_PRIVATE_EXTERN = NO;
				GCC_VERSION = com.apple.compilers.llvm.clang.1_0;
				GCC_WARN_ABOUT_RETURN_TYPE = YES;
				GCC_WARN_UNINITIALIZED_AUTOS = YES;
				GCC_WARN_UNUSED_VARIABLE = YES;
				IPHONEOS_DEPLOYMENT_TARGET = 5.1;
				SDKROOT = iphoneos;
			};
			name = Debug;
		};
		97E708A41588DDC5006254F6 /* Release */ = {
			isa = XCBuildConfiguration;
			buildSettings = {
				ALWAYS_SEARCH_USER_PATHS = NO;
				ARCHS = "$(ARCHS_STANDARD_32_BIT)";
				CLANG_ENABLE_OBJC_ARC = YES;
				"CODE_SIGN_IDENTITY[sdk=iphoneos*]" = "iPhone Developer";
				COPY_PHASE_STRIP = YES;
				GCC_C_LANGUAGE_STANDARD = gnu99;
				GCC_VERSION = com.apple.compilers.llvm.clang.1_0;
				GCC_WARN_ABOUT_RETURN_TYPE = YES;
				GCC_WARN_UNINITIALIZED_AUTOS = YES;
				GCC_WARN_UNUSED_VARIABLE = YES;
				IPHONEOS_DEPLOYMENT_TARGET = 5.1;
				OTHER_CFLAGS = "-DNS_BLOCK_ASSERTIONS=1";
				SDKROOT = iphoneos;
				VALIDATE_PRODUCT = YES;
			};
			name = Release;
		};
		97E708A61588DDC5006254F6 /* Debug */ = {
			isa = XCBuildConfiguration;
			buildSettings = {
				GCC_PRECOMPILE_PREFIX_HEADER = YES;
				GCC_PREFIX_HEADER = "MD-Week3/MD-Week3-Prefix.pch";
				INFOPLIST_FILE = "MD-Week3/MD-Week3-Info.plist";
				PRODUCT_NAME = "$(TARGET_NAME)";
				WRAPPER_EXTENSION = app;
			};
			name = Debug;
		};
		97E708A71588DDC5006254F6 /* Release */ = {
			isa = XCBuildConfiguration;
			buildSettings = {
				GCC_PRECOMPILE_PREFIX_HEADER = YES;
				GCC_PREFIX_HEADER = "MD-Week3/MD-Week3-Prefix.pch";
				INFOPLIST_FILE = "MD-Week3/MD-Week3-Info.plist";
				PRODUCT_NAME = "$(TARGET_NAME)";
				WRAPPER_EXTENSION = app;
			};
			name = Release;
		};
/* End XCBuildConfiguration section */

/* Begin XCConfigurationList section */
		97E708761588DDC5006254F6 /* Build configuration list for PBXProject "MD-Week3" */ = {
			isa = XCConfigurationList;
			buildConfigurations = (
				97E708A31588DDC5006254F6 /* Debug */,
				97E708A41588DDC5006254F6 /* Release */,
			);
			defaultConfigurationIsVisible = 0;
			defaultConfigurationName = Release;
		};
		97E708A51588DDC5006254F6 /* Build configuration list for PBXNativeTarget "MD-Week3" */ = {
			isa = XCConfigurationList;
			buildConfigurations = (
				97E708A61588DDC5006254F6 /* Debug */,
				97E708A71588DDC5006254F6 /* Release */,
			);
			defaultConfigurationIsVisible = 0;
		};
/* End XCConfigurationList section */
	};
	rootObject = 97E708731588DDC5006254F6 /* Project object */;
}
